// !$*UTF8*$!
{
	archiveVersion = 1;
	classes = {
	};
	objectVersion = 46;
	objects = {

/* Begin PBXBuildFile section */
		1A0535041CA89C7400A67C3C /* pot-of-gold.png in Resources */ = {isa = PBXBuildFile; fileRef = 1A0535031CA89C7400A67C3C /* pot-of-gold.png */; };
		1A0535091CA9B7E000A67C3C /* SocialViewController.swift in Sources */ = {isa = PBXBuildFile; fileRef = 1A0535081CA9B7E000A67C3C /* SocialViewController.swift */; };
		1A0535111CAA291D00A67C3C /* GameViewController.swift in Sources */ = {isa = PBXBuildFile; fileRef = 1A0535101CAA291D00A67C3C /* GameViewController.swift */; };
		1A0535151CAAD15100A67C3C /* wheelRight.png in Resources */ = {isa = PBXBuildFile; fileRef = 1A0535141CAAD15100A67C3C /* wheelRight.png */; };
		1A1FAB941CADF82B0020C0A9 /* arrow.png in Resources */ = {isa = PBXBuildFile; fileRef = 1A1FAB931CADF82B0020C0A9 /* arrow.png */; };
		1A1FAB991CADF9290020C0A9 /* arrow_donw_left.png in Resources */ = {isa = PBXBuildFile; fileRef = 1A1FAB981CADF9290020C0A9 /* arrow_donw_left.png */; };
		1A1FAB9D1CAE1AA50020C0A9 /* workoutWheel.png in Resources */ = {isa = PBXBuildFile; fileRef = 1A1FAB9C1CAE1AA50020C0A9 /* workoutWheel.png */; };
		1A1FABA71CAE4CA90020C0A9 /* Bullish-48.png in Resources */ = {isa = PBXBuildFile; fileRef = 1A1FAB9F1CAE4CA90020C0A9 /* Bullish-48.png */; };
		1A1FABA81CAE4CA90020C0A9 /* Diploma 2-50.png in Resources */ = {isa = PBXBuildFile; fileRef = 1A1FABA01CAE4CA90020C0A9 /* Diploma 2-50.png */; };
		1A1FABA91CAE4CA90020C0A9 /* Handshake-48.png in Resources */ = {isa = PBXBuildFile; fileRef = 1A1FABA11CAE4CA90020C0A9 /* Handshake-48.png */; };
		1A1FABAA1CAE4CA90020C0A9 /* Leaderboard-48.png in Resources */ = {isa = PBXBuildFile; fileRef = 1A1FABA21CAE4CA90020C0A9 /* Leaderboard-48.png */; };
		1A1FABAB1CAE4CA90020C0A9 /* Medal 2-48.png in Resources */ = {isa = PBXBuildFile; fileRef = 1A1FABA31CAE4CA90020C0A9 /* Medal 2-48.png */; };
		1A1FABAC1CAE4CA90020C0A9 /* Talk-52.png in Resources */ = {isa = PBXBuildFile; fileRef = 1A1FABA41CAE4CA90020C0A9 /* Talk-52.png */; };
		1A1FABAD1CAE4CA90020C0A9 /* Trophy-48.png in Resources */ = {isa = PBXBuildFile; fileRef = 1A1FABA51CAE4CA90020C0A9 /* Trophy-48.png */; };
		1A1FABAE1CAE4CA90020C0A9 /* Win-48.png in Resources */ = {isa = PBXBuildFile; fileRef = 1A1FABA61CAE4CA90020C0A9 /* Win-48.png */; };
		1A1FABB41CAE53700020C0A9 /* ivan.jpg in Resources */ = {isa = PBXBuildFile; fileRef = 1A1FABB31CAE53700020C0A9 /* ivan.jpg */; };
		1A1FABB71CAE53860020C0A9 /* Ravi.png in Resources */ = {isa = PBXBuildFile; fileRef = 1A1FABB51CAE53860020C0A9 /* Ravi.png */; };
		1A1FABB81CAE53860020C0A9 /* Priyesh.png in Resources */ = {isa = PBXBuildFile; fileRef = 1A1FABB61CAE53860020C0A9 /* Priyesh.png */; };
		1A1FABBC1CAE538F0020C0A9 /* Sriram.png in Resources */ = {isa = PBXBuildFile; fileRef = 1A1FABB91CAE538F0020C0A9 /* Sriram.png */; };
		1A1FABBE1CAE538F0020C0A9 /* Spencer.png in Resources */ = {isa = PBXBuildFile; fileRef = 1A1FABBB1CAE538F0020C0A9 /* Spencer.png */; };
		1A1FABC01CAE54270020C0A9 /* Milap.png in Resources */ = {isa = PBXBuildFile; fileRef = 1A1FABBF1CAE54270020C0A9 /* Milap.png */; };
		1A1FABC41CAE58A30020C0A9 /* ArenaViewController.swift in Sources */ = {isa = PBXBuildFile; fileRef = 1A1FABC31CAE58A30020C0A9 /* ArenaViewController.swift */; };
		1A3646821CA86831001E1F82 /* Charts.framework in Frameworks */ = {isa = PBXBuildFile; fileRef = 1A36467A1CA86790001E1F82 /* Charts.framework */; };
		1A3646831CA8683E001E1F82 /* Charts.framework in Frameworks */ = {isa = PBXBuildFile; fileRef = 1A36467A1CA86790001E1F82 /* Charts.framework */; };
		1A3646841CA8683E001E1F82 /* Charts.framework in Embed Frameworks */ = {isa = PBXBuildFile; fileRef = 1A36467A1CA86790001E1F82 /* Charts.framework */; settings = {ATTRIBUTES = (CodeSignOnCopy, RemoveHeadersOnCopy, ); }; };
		1A5400B61CA7A6240066D6C7 /* starAvm.png in Resources */ = {isa = PBXBuildFile; fileRef = 1A5400B51CA7A6240066D6C7 /* starAvm.png */; };
		1A5400B81CA7A62C0066D6C7 /* shieldAvm.png in Resources */ = {isa = PBXBuildFile; fileRef = 1A5400B71CA7A62C0066D6C7 /* shieldAvm.png */; };
		1A6D7E901C99FAFA00342CAE /* HealthManager.swift in Sources */ = {isa = PBXBuildFile; fileRef = 1A6D7E8F1C99FAFA00342CAE /* HealthManager.swift */; };
		1A6D7E971C9A0D9600342CAE /* HealthKit.framework in Frameworks */ = {isa = PBXBuildFile; fileRef = 1A6D7E961C9A0D9600342CAE /* HealthKit.framework */; };
		1A8D4D131CA743A6000A950C /* ImageLoader.swift in Sources */ = {isa = PBXBuildFile; fileRef = 1A8D4D121CA743A6000A950C /* ImageLoader.swift */; };
		1A8D4D151CA7474A000A950C /* CircularProgressBar.swift in Sources */ = {isa = PBXBuildFile; fileRef = 1A8D4D141CA7474A000A950C /* CircularProgressBar.swift */; };
		1A8DA8541C95E0310078BE44 /* ProfileViewController.swift in Sources */ = {isa = PBXBuildFile; fileRef = 1AB5F8631C824FD800C3B06A /* ProfileViewController.swift */; };
		1AB5F6B51C82388A00C3B06A /* ParseFacebookUtilsV4.framework in Frameworks */ = {isa = PBXBuildFile; fileRef = 1AB5F6B11C82388A00C3B06A /* ParseFacebookUtilsV4.framework */; };
		1AB5F6B71C82388A00C3B06A /* ParseUI.framework in Frameworks */ = {isa = PBXBuildFile; fileRef = 1AB5F6B31C82388A00C3B06A /* ParseUI.framework */; };
		1AB5F6B91C82405C00C3B06A /* Bolts.framework in Frameworks */ = {isa = PBXBuildFile; fileRef = 1AB5F6B81C82405C00C3B06A /* Bolts.framework */; };
		1AB5F7C11C82417E00C3B06A /* FBSDKCoreKit.framework in Frameworks */ = {isa = PBXBuildFile; fileRef = 1AB5F6C71C82417E00C3B06A /* FBSDKCoreKit.framework */; };
		1AB5F7C21C82417E00C3B06A /* FBSDKLoginKit.framework in Frameworks */ = {isa = PBXBuildFile; fileRef = 1AB5F6C81C82417E00C3B06A /* FBSDKLoginKit.framework */; };
		1AB5F7C31C82417E00C3B06A /* FBSDKMessengerShareKit.framework in Frameworks */ = {isa = PBXBuildFile; fileRef = 1AB5F6C91C82417E00C3B06A /* FBSDKMessengerShareKit.framework */; };
		1AB5F7C41C82417E00C3B06A /* FBSDKShareKit.framework in Frameworks */ = {isa = PBXBuildFile; fileRef = 1AB5F6CA1C82417E00C3B06A /* FBSDKShareKit.framework */; };
		814C3ACA1B69877600E307BB /* Main.storyboard in Resources */ = {isa = PBXBuildFile; fileRef = 814C3AC61B69877600E307BB /* Main.storyboard */; };
		814C3ACB1B69877600E307BB /* Images.xcassets in Resources */ = {isa = PBXBuildFile; fileRef = 814C3AC81B69877600E307BB /* Images.xcassets */; };
		81BA814B1A49DA1800E65899 /* AppDelegate.swift in Sources */ = {isa = PBXBuildFile; fileRef = 81BA814A1A49DA1800E65899 /* AppDelegate.swift */; };
		81BA814D1A49DA1800E65899 /* ViewController.swift in Sources */ = {isa = PBXBuildFile; fileRef = 81BA814C1A49DA1800E65899 /* ViewController.swift */; };
		81BA81711A49DB6800E65899 /* Parse.framework in Frameworks */ = {isa = PBXBuildFile; fileRef = 81BA816C1A49DB6800E65899 /* Parse.framework */; };
		81BA81771A49E0D500E65899 /* libsqlite3.dylib in Frameworks */ = {isa = PBXBuildFile; fileRef = 81BA81761A49E0D500E65899 /* libsqlite3.dylib */; };
		81BA81791A49E0DB00E65899 /* AudioToolbox.framework in Frameworks */ = {isa = PBXBuildFile; fileRef = 81BA81781A49E0DB00E65899 /* AudioToolbox.framework */; };
		81BA817B1A49E0E500E65899 /* SystemConfiguration.framework in Frameworks */ = {isa = PBXBuildFile; fileRef = 81BA817A1A49E0E500E65899 /* SystemConfiguration.framework */; };
		81BA817F1A49E0F000E65899 /* libstdc++.6.dylib in Frameworks */ = {isa = PBXBuildFile; fileRef = 81BA817E1A49E0F000E65899 /* libstdc++.6.dylib */; };
/* End PBXBuildFile section */

/* Begin PBXContainerItemProxy section */
		1A3646791CA86790001E1F82 /* PBXContainerItemProxy */ = {
			isa = PBXContainerItemProxy;
			containerPortal = 1A3646721CA86790001E1F82 /* Charts.xcodeproj */;
			proxyType = 2;
			remoteGlobalIDString = 5BA8EC401A9D14DC00CE82E1;
			remoteInfo = "Charts-iOS";
		};
		1A36467B1CA86790001E1F82 /* PBXContainerItemProxy */ = {
			isa = PBXContainerItemProxy;
			containerPortal = 1A3646721CA86790001E1F82 /* Charts.xcodeproj */;
			proxyType = 2;
			remoteGlobalIDString = A52C5C371BAC5CA400594CDD;
			remoteInfo = "Charts-TV";
		};
		1A36467D1CA86790001E1F82 /* PBXContainerItemProxy */ = {
			isa = PBXContainerItemProxy;
			containerPortal = 1A3646721CA86790001E1F82 /* Charts.xcodeproj */;
			proxyType = 2;
			remoteGlobalIDString = 65B3F5BF1C7370BE000983D0;
			remoteInfo = "Charts-OSX";
		};
		1A36467F1CA86790001E1F82 /* PBXContainerItemProxy */ = {
			isa = PBXContainerItemProxy;
			containerPortal = 1A3646721CA86790001E1F82 /* Charts.xcodeproj */;
			proxyType = 2;
			remoteGlobalIDString = 06AEE7A21BDC3F8B009875AE;
			remoteInfo = ChartsTests;
		};
		1A3646851CA8683E001E1F82 /* PBXContainerItemProxy */ = {
			isa = PBXContainerItemProxy;
			containerPortal = 1A3646721CA86790001E1F82 /* Charts.xcodeproj */;
			proxyType = 1;
			remoteGlobalIDString = 5BA8EC3F1A9D14DC00CE82E1;
			remoteInfo = "Charts-iOS";
		};
/* End PBXContainerItemProxy section */

/* Begin PBXCopyFilesBuildPhase section */
		1A3646871CA8683E001E1F82 /* Embed Frameworks */ = {
			isa = PBXCopyFilesBuildPhase;
			buildActionMask = 2147483647;
			dstPath = "";
			dstSubfolderSpec = 10;
			files = (
				1A3646841CA8683E001E1F82 /* Charts.framework in Embed Frameworks */,
			);
			name = "Embed Frameworks";
			runOnlyForDeploymentPostprocessing = 0;
		};
/* End PBXCopyFilesBuildPhase section */

/* Begin PBXFileReference section */
		1A0535031CA89C7400A67C3C /* pot-of-gold.png */ = {isa = PBXFileReference; lastKnownFileType = image.png; path = "pot-of-gold.png"; sourceTree = "<group>"; };
		1A0535081CA9B7E000A67C3C /* SocialViewController.swift */ = {isa = PBXFileReference; fileEncoding = 4; lastKnownFileType = sourcecode.swift; path = SocialViewController.swift; sourceTree = "<group>"; };
		1A0535101CAA291D00A67C3C /* GameViewController.swift */ = {isa = PBXFileReference; fileEncoding = 4; lastKnownFileType = sourcecode.swift; path = GameViewController.swift; sourceTree = "<group>"; };
		1A0535141CAAD15100A67C3C /* wheelRight.png */ = {isa = PBXFileReference; lastKnownFileType = image.png; path = wheelRight.png; sourceTree = "<group>"; };
		1A1FAB931CADF82B0020C0A9 /* arrow.png */ = {isa = PBXFileReference; lastKnownFileType = image.png; path = arrow.png; sourceTree = "<group>"; };
		1A1FAB981CADF9290020C0A9 /* arrow_donw_left.png */ = {isa = PBXFileReference; lastKnownFileType = image.png; path = arrow_donw_left.png; sourceTree = "<group>"; };
		1A1FAB9C1CAE1AA50020C0A9 /* workoutWheel.png */ = {isa = PBXFileReference; lastKnownFileType = image.png; path = workoutWheel.png; sourceTree = "<group>"; };
		1A1FAB9F1CAE4CA90020C0A9 /* Bullish-48.png */ = {isa = PBXFileReference; lastKnownFileType = image.png; path = "Bullish-48.png"; sourceTree = "<group>"; };
		1A1FABA01CAE4CA90020C0A9 /* Diploma 2-50.png */ = {isa = PBXFileReference; lastKnownFileType = image.png; path = "Diploma 2-50.png"; sourceTree = "<group>"; };
		1A1FABA11CAE4CA90020C0A9 /* Handshake-48.png */ = {isa = PBXFileReference; lastKnownFileType = image.png; path = "Handshake-48.png"; sourceTree = "<group>"; };
		1A1FABA21CAE4CA90020C0A9 /* Leaderboard-48.png */ = {isa = PBXFileReference; lastKnownFileType = image.png; path = "Leaderboard-48.png"; sourceTree = "<group>"; };
		1A1FABA31CAE4CA90020C0A9 /* Medal 2-48.png */ = {isa = PBXFileReference; lastKnownFileType = image.png; path = "Medal 2-48.png"; sourceTree = "<group>"; };
		1A1FABA41CAE4CA90020C0A9 /* Talk-52.png */ = {isa = PBXFileReference; lastKnownFileType = image.png; path = "Talk-52.png"; sourceTree = "<group>"; };
		1A1FABA51CAE4CA90020C0A9 /* Trophy-48.png */ = {isa = PBXFileReference; lastKnownFileType = image.png; path = "Trophy-48.png"; sourceTree = "<group>"; };
		1A1FABA61CAE4CA90020C0A9 /* Win-48.png */ = {isa = PBXFileReference; lastKnownFileType = image.png; path = "Win-48.png"; sourceTree = "<group>"; };
		1A1FABB31CAE53700020C0A9 /* ivan.jpg */ = {isa = PBXFileReference; lastKnownFileType = image.jpeg; path = ivan.jpg; sourceTree = "<group>"; };
		1A1FABB51CAE53860020C0A9 /* Ravi.png */ = {isa = PBXFileReference; lastKnownFileType = image.png; path = Ravi.png; sourceTree = "<group>"; };
		1A1FABB61CAE53860020C0A9 /* Priyesh.png */ = {isa = PBXFileReference; lastKnownFileType = image.png; path = Priyesh.png; sourceTree = "<group>"; };
		1A1FABB91CAE538F0020C0A9 /* Sriram.png */ = {isa = PBXFileReference; lastKnownFileType = image.png; path = Sriram.png; sourceTree = "<group>"; };
		1A1FABBB1CAE538F0020C0A9 /* Spencer.png */ = {isa = PBXFileReference; lastKnownFileType = image.png; path = Spencer.png; sourceTree = "<group>"; };
		1A1FABBF1CAE54270020C0A9 /* Milap.png */ = {isa = PBXFileReference; lastKnownFileType = image.png; path = Milap.png; sourceTree = "<group>"; };
		1A1FABC31CAE58A30020C0A9 /* ArenaViewController.swift */ = {isa = PBXFileReference; fileEncoding = 4; lastKnownFileType = sourcecode.swift; name = ArenaViewController.swift; path = ../ArenaViewController.swift; sourceTree = "<group>"; };
		1A3646721CA86790001E1F82 /* Charts.xcodeproj */ = {isa = PBXFileReference; lastKnownFileType = "wrapper.pb-project"; name = Charts.xcodeproj; path = "../../ios-charts-master 2/Charts/Charts.xcodeproj"; sourceTree = "<group>"; };
		1A5400B51CA7A6240066D6C7 /* starAvm.png */ = {isa = PBXFileReference; lastKnownFileType = image.png; path = starAvm.png; sourceTree = "<group>"; };
		1A5400B71CA7A62C0066D6C7 /* shieldAvm.png */ = {isa = PBXFileReference; lastKnownFileType = image.png; path = shieldAvm.png; sourceTree = "<group>"; };
		1A6102621CA86371005D25B0 /* QuartzCore.framework */ = {isa = PBXFileReference; lastKnownFileType = wrapper.framework; name = QuartzCore.framework; path = System/Library/Frameworks/QuartzCore.framework; sourceTree = SDKROOT; };
		1A6102641CA86379005D25B0 /* UIKit.framework */ = {isa = PBXFileReference; lastKnownFileType = wrapper.framework; name = UIKit.framework; path = System/Library/Frameworks/UIKit.framework; sourceTree = SDKROOT; };
		1A6D7E8F1C99FAFA00342CAE /* HealthManager.swift */ = {isa = PBXFileReference; fileEncoding = 4; lastKnownFileType = sourcecode.swift; path = HealthManager.swift; sourceTree = "<group>"; };
		1A6D7E911C99FB9300342CAE /* ParseStarterProject-Swift.entitlements */ = {isa = PBXFileReference; lastKnownFileType = text.xml; path = "ParseStarterProject-Swift.entitlements"; sourceTree = "<group>"; };
		1A6D7E961C9A0D9600342CAE /* HealthKit.framework */ = {isa = PBXFileReference; lastKnownFileType = wrapper.framework; name = HealthKit.framework; path = System/Library/Frameworks/HealthKit.framework; sourceTree = SDKROOT; };
		1A8D4D0E1CA7400A000A950C /* CoreData.framework */ = {isa = PBXFileReference; lastKnownFileType = wrapper.framework; name = CoreData.framework; path = System/Library/Frameworks/CoreData.framework; sourceTree = SDKROOT; };
		1A8D4D121CA743A6000A950C /* ImageLoader.swift */ = {isa = PBXFileReference; fileEncoding = 4; lastKnownFileType = sourcecode.swift; path = ImageLoader.swift; sourceTree = "<group>"; };
		1A8D4D141CA7474A000A950C /* CircularProgressBar.swift */ = {isa = PBXFileReference; fileEncoding = 4; lastKnownFileType = sourcecode.swift; path = CircularProgressBar.swift; sourceTree = "<group>"; };
		1A8D7B9D1C822403002C5FFA /* Bridging-Header.h */ = {isa = PBXFileReference; lastKnownFileType = sourcecode.c.h; path = "Bridging-Header.h"; sourceTree = "<group>"; };
		1AB5F6B11C82388A00C3B06A /* ParseFacebookUtilsV4.framework */ = {isa = PBXFileReference; lastKnownFileType = wrapper.framework; name = ParseFacebookUtilsV4.framework; path = ../../../Documents/ParseSDK/ParseFacebookUtilsV4.framework; sourceTree = "<group>"; };
		1AB5F6B31C82388A00C3B06A /* ParseUI.framework */ = {isa = PBXFileReference; lastKnownFileType = wrapper.framework; name = ParseUI.framework; path = ../../../Documents/ParseSDK/ParseUI.framework; sourceTree = "<group>"; };
		1AB5F6B81C82405C00C3B06A /* Bolts.framework */ = {isa = PBXFileReference; lastKnownFileType = wrapper.framework; name = Bolts.framework; path = ../../../Documents/ParseSDK/Bolts.framework; sourceTree = "<group>"; };
		1AB5F6C71C82417E00C3B06A /* FBSDKCoreKit.framework */ = {isa = PBXFileReference; lastKnownFileType = wrapper.framework; name = FBSDKCoreKit.framework; path = ../../../Documents/FacebookSDK/FBSDKCoreKit.framework; sourceTree = "<group>"; };
		1AB5F6C81C82417E00C3B06A /* FBSDKLoginKit.framework */ = {isa = PBXFileReference; lastKnownFileType = wrapper.framework; name = FBSDKLoginKit.framework; path = ../../../Documents/FacebookSDK/FBSDKLoginKit.framework; sourceTree = "<group>"; };
		1AB5F6C91C82417E00C3B06A /* FBSDKMessengerShareKit.framework */ = {isa = PBXFileReference; lastKnownFileType = wrapper.framework; name = FBSDKMessengerShareKit.framework; path = ../../../Documents/FacebookSDK/FBSDKMessengerShareKit.framework; sourceTree = "<group>"; };
		1AB5F6CA1C82417E00C3B06A /* FBSDKShareKit.framework */ = {isa = PBXFileReference; lastKnownFileType = wrapper.framework; name = FBSDKShareKit.framework; path = ../../../Documents/FacebookSDK/FBSDKShareKit.framework; sourceTree = "<group>"; };
		1AB5F8631C824FD800C3B06A /* ProfileViewController.swift */ = {isa = PBXFileReference; fileEncoding = 4; lastKnownFileType = sourcecode.swift; path = ProfileViewController.swift; sourceTree = "<group>"; };
		814C3AC71B69877600E307BB /* Base */ = {isa = PBXFileReference; lastKnownFileType = file.storyboard; name = Base; path = Base.lproj/Main.storyboard; sourceTree = "<group>"; };
		814C3AC81B69877600E307BB /* Images.xcassets */ = {isa = PBXFileReference; lastKnownFileType = folder.assetcatalog; path = Images.xcassets; sourceTree = "<group>"; };
		814C3AC91B69877600E307BB /* Info.plist */ = {isa = PBXFileReference; fileEncoding = 4; lastKnownFileType = text.plist.xml; path = Info.plist; sourceTree = "<group>"; };
		81BA81451A49DA1800E65899 /* ParseStarterProject-Swift.app */ = {isa = PBXFileReference; explicitFileType = wrapper.application; includeInIndex = 0; path = "ParseStarterProject-Swift.app"; sourceTree = BUILT_PRODUCTS_DIR; };
		81BA814A1A49DA1800E65899 /* AppDelegate.swift */ = {isa = PBXFileReference; lastKnownFileType = sourcecode.swift; path = AppDelegate.swift; sourceTree = "<group>"; };
		81BA814C1A49DA1800E65899 /* ViewController.swift */ = {isa = PBXFileReference; lastKnownFileType = sourcecode.swift; path = ViewController.swift; sourceTree = "<group>"; };
		81BA816C1A49DB6800E65899 /* Parse.framework */ = {isa = PBXFileReference; lastKnownFileType = wrapper.framework; path = Parse.framework; sourceTree = "<group>"; };
		81BA81761A49E0D500E65899 /* libsqlite3.dylib */ = {isa = PBXFileReference; lastKnownFileType = "compiled.mach-o.dylib"; name = libsqlite3.dylib; path = usr/lib/libsqlite3.dylib; sourceTree = SDKROOT; };
		81BA81781A49E0DB00E65899 /* AudioToolbox.framework */ = {isa = PBXFileReference; lastKnownFileType = wrapper.framework; name = AudioToolbox.framework; path = System/Library/Frameworks/AudioToolbox.framework; sourceTree = SDKROOT; };
		81BA817A1A49E0E500E65899 /* SystemConfiguration.framework */ = {isa = PBXFileReference; lastKnownFileType = wrapper.framework; name = SystemConfiguration.framework; path = System/Library/Frameworks/SystemConfiguration.framework; sourceTree = SDKROOT; };
		81BA817E1A49E0F000E65899 /* libstdc++.6.dylib */ = {isa = PBXFileReference; lastKnownFileType = "compiled.mach-o.dylib"; name = "libstdc++.6.dylib"; path = "usr/lib/libstdc++.6.dylib"; sourceTree = SDKROOT; };
/* End PBXFileReference section */

/* Begin PBXFrameworksBuildPhase section */
		81BA81421A49DA1800E65899 /* Frameworks */ = {
			isa = PBXFrameworksBuildPhase;
			buildActionMask = 2147483647;
			files = (
				1A3646821CA86831001E1F82 /* Charts.framework in Frameworks */,
				1AB5F6B91C82405C00C3B06A /* Bolts.framework in Frameworks */,
				1AB5F6B51C82388A00C3B06A /* ParseFacebookUtilsV4.framework in Frameworks */,
				1AB5F6B71C82388A00C3B06A /* ParseUI.framework in Frameworks */,
				1AB5F7C11C82417E00C3B06A /* FBSDKCoreKit.framework in Frameworks */,
				81BA817F1A49E0F000E65899 /* libstdc++.6.dylib in Frameworks */,
				1AB5F7C41C82417E00C3B06A /* FBSDKShareKit.framework in Frameworks */,
				81BA817B1A49E0E500E65899 /* SystemConfiguration.framework in Frameworks */,
				1A6D7E971C9A0D9600342CAE /* HealthKit.framework in Frameworks */,
				1AB5F7C31C82417E00C3B06A /* FBSDKMessengerShareKit.framework in Frameworks */,
				1AB5F7C21C82417E00C3B06A /* FBSDKLoginKit.framework in Frameworks */,
				81BA81791A49E0DB00E65899 /* AudioToolbox.framework in Frameworks */,
				1A3646831CA8683E001E1F82 /* Charts.framework in Frameworks */,
				81BA81771A49E0D500E65899 /* libsqlite3.dylib in Frameworks */,
				81BA81711A49DB6800E65899 /* Parse.framework in Frameworks */,
			);
			runOnlyForDeploymentPostprocessing = 0;
		};
/* End PBXFrameworksBuildPhase section */

/* Begin PBXGroup section */
		1A1FAB9E1CAE4CA90020C0A9 /* Achievements */ = {
			isa = PBXGroup;
			children = (
				1A1FAB9F1CAE4CA90020C0A9 /* Bullish-48.png */,
				1A1FABB31CAE53700020C0A9 /* ivan.jpg */,
				1A1FABBF1CAE54270020C0A9 /* Milap.png */,
				1A1FABB91CAE538F0020C0A9 /* Sriram.png */,
				1A1FABBB1CAE538F0020C0A9 /* Spencer.png */,
				1A1FABA01CAE4CA90020C0A9 /* Diploma 2-50.png */,
				1A1FABA11CAE4CA90020C0A9 /* Handshake-48.png */,
				1A1FABB51CAE53860020C0A9 /* Ravi.png */,
				1A1FABB61CAE53860020C0A9 /* Priyesh.png */,
				1A1FABA21CAE4CA90020C0A9 /* Leaderboard-48.png */,
				1A1FABA31CAE4CA90020C0A9 /* Medal 2-48.png */,
				1A1FABA41CAE4CA90020C0A9 /* Talk-52.png */,
				1A1FABA51CAE4CA90020C0A9 /* Trophy-48.png */,
				1A1FABA61CAE4CA90020C0A9 /* Win-48.png */,
			);
			path = Achievements;
			sourceTree = "<group>";
		};
		1A3646731CA86790001E1F82 /* Products */ = {
			isa = PBXGroup;
			children = (
				1A36467A1CA86790001E1F82 /* Charts.framework */,
				1A36467C1CA86790001E1F82 /* Charts.framework */,
				1A36467E1CA86790001E1F82 /* Charts.framework */,
				1A3646801CA86790001E1F82 /* ChartsTests.xctest */,
			);
			name = Products;
			sourceTree = "<group>";
		};
		814C3AC51B69877600E307BB /* Resources */ = {
			isa = PBXGroup;
			children = (
				814C3AC81B69877600E307BB /* Images.xcassets */,
				1A0535031CA89C7400A67C3C /* pot-of-gold.png */,
				814C3AC91B69877600E307BB /* Info.plist */,
			);
			path = Resources;
			sourceTree = "<group>";
		};
		81BA813C1A49DA1800E65899 = {
			isa = PBXGroup;
			children = (
				1A3646721CA86790001E1F82 /* Charts.xcodeproj */,
				1A6D7E911C99FB9300342CAE /* ParseStarterProject-Swift.entitlements */,
				1A8D7B9D1C822403002C5FFA /* Bridging-Header.h */,
				81BA81471A49DA1800E65899 /* ParseStarterProject */,
				814C3AC51B69877600E307BB /* Resources */,
				81BA816A1A49DB5600E65899 /* Frameworks */,
				81BA81461A49DA1800E65899 /* Products */,
			);
			sourceTree = "<group>";
		};
		81BA81461A49DA1800E65899 /* Products */ = {
			isa = PBXGroup;
			children = (
				81BA81451A49DA1800E65899 /* ParseStarterProject-Swift.app */,
			);
			name = Products;
			sourceTree = "<group>";
		};
		81BA81471A49DA1800E65899 /* ParseStarterProject */ = {
			isa = PBXGroup;
			children = (
				1A1FABC31CAE58A30020C0A9 /* ArenaViewController.swift */,
				1A5400B51CA7A6240066D6C7 /* starAvm.png */,
				1A1FAB9E1CAE4CA90020C0A9 /* Achievements */,
				1A1FAB931CADF82B0020C0A9 /* arrow.png */,
				1A0535081CA9B7E000A67C3C /* SocialViewController.swift */,
				1A5400B71CA7A62C0066D6C7 /* shieldAvm.png */,
				1A0535141CAAD15100A67C3C /* wheelRight.png */,
				1A1FAB981CADF9290020C0A9 /* arrow_donw_left.png */,
				81BA814A1A49DA1800E65899 /* AppDelegate.swift */,
				81BA814C1A49DA1800E65899 /* ViewController.swift */,
				814C3AC61B69877600E307BB /* Main.storyboard */,
				1A1FAB9C1CAE1AA50020C0A9 /* workoutWheel.png */,
				1AB5F8631C824FD800C3B06A /* ProfileViewController.swift */,
				1A8D4D121CA743A6000A950C /* ImageLoader.swift */,
				1A6D7E8F1C99FAFA00342CAE /* HealthManager.swift */,
				1A8D4D141CA7474A000A950C /* CircularProgressBar.swift */,
				1A0535101CAA291D00A67C3C /* GameViewController.swift */,
			);
			path = ParseStarterProject;
			sourceTree = "<group>";
		};
		81BA816A1A49DB5600E65899 /* Frameworks */ = {
			isa = PBXGroup;
			children = (
				1A6102641CA86379005D25B0 /* UIKit.framework */,
				1A6102621CA86371005D25B0 /* QuartzCore.framework */,
				1A8D4D0E1CA7400A000A950C /* CoreData.framework */,
				1A6D7E961C9A0D9600342CAE /* HealthKit.framework */,
				1AB5F6B81C82405C00C3B06A /* Bolts.framework */,
				1AB5F6B11C82388A00C3B06A /* ParseFacebookUtilsV4.framework */,
				1AB5F6B31C82388A00C3B06A /* ParseUI.framework */,
				1AB5F6C71C82417E00C3B06A /* FBSDKCoreKit.framework */,
				1AB5F6C81C82417E00C3B06A /* FBSDKLoginKit.framework */,
				1AB5F6C91C82417E00C3B06A /* FBSDKMessengerShareKit.framework */,
				1AB5F6CA1C82417E00C3B06A /* FBSDKShareKit.framework */,
				81BA816C1A49DB6800E65899 /* Parse.framework */,
				81BA81751A49E0C500E65899 /* System Frameworks */,
			);
			name = Frameworks;
			sourceTree = "<group>";
		};
		81BA81751A49E0C500E65899 /* System Frameworks */ = {
			isa = PBXGroup;
			children = (
				81BA817E1A49E0F000E65899 /* libstdc++.6.dylib */,
				81BA817A1A49E0E500E65899 /* SystemConfiguration.framework */,
				81BA81781A49E0DB00E65899 /* AudioToolbox.framework */,
				81BA81761A49E0D500E65899 /* libsqlite3.dylib */,
			);
			name = "System Frameworks";
			sourceTree = "<group>";
		};
/* End PBXGroup section */

/* Begin PBXNativeTarget section */
		81BA81441A49DA1800E65899 /* ParseStarterProject-Swift */ = {
			isa = PBXNativeTarget;
			buildConfigurationList = 81BA81641A49DA1800E65899 /* Build configuration list for PBXNativeTarget "ParseStarterProject-Swift" */;
			buildPhases = (
				81BA81411A49DA1800E65899 /* Sources */,
				81BA81421A49DA1800E65899 /* Frameworks */,
				81BA81431A49DA1800E65899 /* Resources */,
				1A3646871CA8683E001E1F82 /* Embed Frameworks */,
			);
			buildRules = (
			);
			dependencies = (
				1A3646861CA8683E001E1F82 /* PBXTargetDependency */,
			);
			name = "ParseStarterProject-Swift";
			productName = ParseStarterProject;
			productReference = 81BA81451A49DA1800E65899 /* ParseStarterProject-Swift.app */;
			productType = "com.apple.product-type.application";
		};
/* End PBXNativeTarget section */

/* Begin PBXProject section */
		81BA813D1A49DA1800E65899 /* Project object */ = {
			isa = PBXProject;
			attributes = {
				LastSwiftUpdateCheck = 0700;
				LastUpgradeCheck = 0720;
				ORGANIZATIONNAME = Parse;
				TargetAttributes = {
					81BA81441A49DA1800E65899 = {
						CreatedOnToolsVersion = 6.1.1;
						DevelopmentTeam = 27UXV8KAAJ;
						SystemCapabilities = {
							com.apple.HealthKit = {
								enabled = 1;
							};
						};
					};
				};
			};
			buildConfigurationList = 81BA81401A49DA1800E65899 /* Build configuration list for PBXProject "ParseStarterProject-Swift" */;
			compatibilityVersion = "Xcode 3.2";
			developmentRegion = English;
			hasScannedForEncodings = 0;
			knownRegions = (
				en,
				Base,
			);
			mainGroup = 81BA813C1A49DA1800E65899;
			productRefGroup = 81BA81461A49DA1800E65899 /* Products */;
			projectDirPath = "";
			projectReferences = (
				{
					ProductGroup = 1A3646731CA86790001E1F82 /* Products */;
					ProjectRef = 1A3646721CA86790001E1F82 /* Charts.xcodeproj */;
				},
			);
			projectRoot = "";
			targets = (
				81BA81441A49DA1800E65899 /* ParseStarterProject-Swift */,
			);
		};
/* End PBXProject section */

/* Begin PBXReferenceProxy section */
		1A36467A1CA86790001E1F82 /* Charts.framework */ = {
			isa = PBXReferenceProxy;
			fileType = wrapper.framework;
			path = Charts.framework;
			remoteRef = 1A3646791CA86790001E1F82 /* PBXContainerItemProxy */;
			sourceTree = BUILT_PRODUCTS_DIR;
		};
		1A36467C1CA86790001E1F82 /* Charts.framework */ = {
			isa = PBXReferenceProxy;
			fileType = wrapper.framework;
			path = Charts.framework;
			remoteRef = 1A36467B1CA86790001E1F82 /* PBXContainerItemProxy */;
			sourceTree = BUILT_PRODUCTS_DIR;
		};
		1A36467E1CA86790001E1F82 /* Charts.framework */ = {
			isa = PBXReferenceProxy;
			fileType = wrapper.framework;
			path = Charts.framework;
			remoteRef = 1A36467D1CA86790001E1F82 /* PBXContainerItemProxy */;
			sourceTree = BUILT_PRODUCTS_DIR;
		};
		1A3646801CA86790001E1F82 /* ChartsTests.xctest */ = {
			isa = PBXReferenceProxy;
			fileType = wrapper.cfbundle;
			path = ChartsTests.xctest;
			remoteRef = 1A36467F1CA86790001E1F82 /* PBXContainerItemProxy */;
			sourceTree = BUILT_PRODUCTS_DIR;
		};
/* End PBXReferenceProxy section */

/* Begin PBXResourcesBuildPhase section */
		81BA81431A49DA1800E65899 /* Resources */ = {
			isa = PBXResourcesBuildPhase;
			buildActionMask = 2147483647;
			files = (
				1A5400B61CA7A6240066D6C7 /* starAvm.png in Resources */,
				1A5400B81CA7A62C0066D6C7 /* shieldAvm.png in Resources */,
				1A1FABB81CAE53860020C0A9 /* Priyesh.png in Resources */,
				814C3ACA1B69877600E307BB /* Main.storyboard in Resources */,
				1A1FABAB1CAE4CA90020C0A9 /* Medal 2-48.png in Resources */,
				1A0535151CAAD15100A67C3C /* wheelRight.png in Resources */,
				814C3ACB1B69877600E307BB /* Images.xcassets in Resources */,
				1A1FABA81CAE4CA90020C0A9 /* Diploma 2-50.png in Resources */,
				1A1FABA71CAE4CA90020C0A9 /* Bullish-48.png in Resources */,
				1A1FABA91CAE4CA90020C0A9 /* Handshake-48.png in Resources */,
				1A1FAB9D1CAE1AA50020C0A9 /* workoutWheel.png in Resources */,
				1A1FABB71CAE53860020C0A9 /* Ravi.png in Resources */,
				1A1FABAA1CAE4CA90020C0A9 /* Leaderboard-48.png in Resources */,
				1A0535041CA89C7400A67C3C /* pot-of-gold.png in Resources */,
				1A1FAB991CADF9290020C0A9 /* arrow_donw_left.png in Resources */,
				1A1FABBC1CAE538F0020C0A9 /* Sriram.png in Resources */,
				1A1FABB41CAE53700020C0A9 /* ivan.jpg in Resources */,
				1A1FABAC1CAE4CA90020C0A9 /* Talk-52.png in Resources */,
				1A1FABBE1CAE538F0020C0A9 /* Spencer.png in Resources */,
				1A1FAB941CADF82B0020C0A9 /* arrow.png in Resources */,
				1A1FABC01CAE54270020C0A9 /* Milap.png in Resources */,
				1A1FABAD1CAE4CA90020C0A9 /* Trophy-48.png in Resources */,
				1A1FABAE1CAE4CA90020C0A9 /* Win-48.png in Resources */,
			);
			runOnlyForDeploymentPostprocessing = 0;
		};
/* End PBXResourcesBuildPhase section */

/* Begin PBXSourcesBuildPhase section */
		81BA81411A49DA1800E65899 /* Sources */ = {
			isa = PBXSourcesBuildPhase;
			buildActionMask = 2147483647;
			files = (
				1A8DA8541C95E0310078BE44 /* ProfileViewController.swift in Sources */,
				81BA814D1A49DA1800E65899 /* ViewController.swift in Sources */,
				1A0535091CA9B7E000A67C3C /* SocialViewController.swift in Sources */,
				1A1FABC41CAE58A30020C0A9 /* ArenaViewController.swift in Sources */,
				1A8D4D131CA743A6000A950C /* ImageLoader.swift in Sources */,
				1A0535111CAA291D00A67C3C /* GameViewController.swift in Sources */,
				81BA814B1A49DA1800E65899 /* AppDelegate.swift in Sources */,
				1A6D7E901C99FAFA00342CAE /* HealthManager.swift in Sources */,
				1A8D4D151CA7474A000A950C /* CircularProgressBar.swift in Sources */,
			);
			runOnlyForDeploymentPostprocessing = 0;
		};
/* End PBXSourcesBuildPhase section */

/* Begin PBXTargetDependency section */
		1A3646861CA8683E001E1F82 /* PBXTargetDependency */ = {
			isa = PBXTargetDependency;
			name = "Charts-iOS";
			targetProxy = 1A3646851CA8683E001E1F82 /* PBXContainerItemProxy */;
		};
/* End PBXTargetDependency section */

/* Begin PBXVariantGroup section */
		814C3AC61B69877600E307BB /* Main.storyboard */ = {
			isa = PBXVariantGroup;
			children = (
				814C3AC71B69877600E307BB /* Base */,
			);
			name = Main.storyboard;
			path = ../Resources;
			sourceTree = "<group>";
		};
/* End PBXVariantGroup section */

/* Begin XCBuildConfiguration section */
		81BA81621A49DA1800E65899 /* Debug */ = {
			isa = XCBuildConfiguration;
			buildSettings = {
				ALWAYS_SEARCH_USER_PATHS = NO;
				CLANG_CXX_LANGUAGE_STANDARD = "gnu++0x";
				CLANG_CXX_LIBRARY = "libc++";
				CLANG_ENABLE_MODULES = YES;
				CLANG_ENABLE_OBJC_ARC = YES;
				CLANG_WARN_BOOL_CONVERSION = YES;
				CLANG_WARN_CONSTANT_CONVERSION = YES;
				CLANG_WARN_DIRECT_OBJC_ISA_USAGE = YES_ERROR;
				CLANG_WARN_EMPTY_BODY = YES;
				CLANG_WARN_ENUM_CONVERSION = YES;
				CLANG_WARN_INT_CONVERSION = YES;
				CLANG_WARN_OBJC_ROOT_CLASS = YES_ERROR;
				CLANG_WARN_UNREACHABLE_CODE = YES;
				CLANG_WARN__DUPLICATE_METHOD_MATCH = YES;
				"CODE_SIGN_IDENTITY[sdk=iphoneos*]" = "iPhone Developer";
				COPY_PHASE_STRIP = NO;
				ENABLE_STRICT_OBJC_MSGSEND = YES;
				GCC_C_LANGUAGE_STANDARD = gnu99;
				GCC_DYNAMIC_NO_PIC = NO;
				GCC_OPTIMIZATION_LEVEL = 0;
				GCC_PREPROCESSOR_DEFINITIONS = (
					"DEBUG=1",
					"$(inherited)",
				);
				GCC_SYMBOLS_PRIVATE_EXTERN = NO;
				GCC_WARN_64_TO_32_BIT_CONVERSION = YES;
				GCC_WARN_ABOUT_RETURN_TYPE = YES_ERROR;
				GCC_WARN_UNDECLARED_SELECTOR = YES;
				GCC_WARN_UNINITIALIZED_AUTOS = YES_AGGRESSIVE;
				GCC_WARN_UNUSED_FUNCTION = YES;
				GCC_WARN_UNUSED_VARIABLE = YES;
				IPHONEOS_DEPLOYMENT_TARGET = 7.0;
				MTL_ENABLE_DEBUG_INFO = YES;
				ONLY_ACTIVE_ARCH = YES;
				SDKROOT = iphoneos;
				SWIFT_OPTIMIZATION_LEVEL = "-Onone";
				TARGETED_DEVICE_FAMILY = "1,2";
			};
			name = Debug;
		};
		81BA81631A49DA1800E65899 /* Release */ = {
			isa = XCBuildConfiguration;
			buildSettings = {
				ALWAYS_SEARCH_USER_PATHS = NO;
				CLANG_CXX_LANGUAGE_STANDARD = "gnu++0x";
				CLANG_CXX_LIBRARY = "libc++";
				CLANG_ENABLE_MODULES = YES;
				CLANG_ENABLE_OBJC_ARC = YES;
				CLANG_WARN_BOOL_CONVERSION = YES;
				CLANG_WARN_CONSTANT_CONVERSION = YES;
				CLANG_WARN_DIRECT_OBJC_ISA_USAGE = YES_ERROR;
				CLANG_WARN_EMPTY_BODY = YES;
				CLANG_WARN_ENUM_CONVERSION = YES;
				CLANG_WARN_INT_CONVERSION = YES;
				CLANG_WARN_OBJC_ROOT_CLASS = YES_ERROR;
				CLANG_WARN_UNREACHABLE_CODE = YES;
				CLANG_WARN__DUPLICATE_METHOD_MATCH = YES;
				"CODE_SIGN_IDENTITY[sdk=iphoneos*]" = "iPhone Developer";
				COPY_PHASE_STRIP = YES;
				ENABLE_NS_ASSERTIONS = NO;
				ENABLE_STRICT_OBJC_MSGSEND = YES;
				GCC_C_LANGUAGE_STANDARD = gnu99;
				GCC_WARN_64_TO_32_BIT_CONVERSION = YES;
				GCC_WARN_ABOUT_RETURN_TYPE = YES_ERROR;
				GCC_WARN_UNDECLARED_SELECTOR = YES;
				GCC_WARN_UNINITIALIZED_AUTOS = YES_AGGRESSIVE;
				GCC_WARN_UNUSED_FUNCTION = YES;
				GCC_WARN_UNUSED_VARIABLE = YES;
				IPHONEOS_DEPLOYMENT_TARGET = 7.0;
				MTL_ENABLE_DEBUG_INFO = NO;
				SDKROOT = iphoneos;
				TARGETED_DEVICE_FAMILY = "1,2";
				VALIDATE_PRODUCT = YES;
			};
			name = Release;
		};
		81BA81651A49DA1800E65899 /* Debug */ = {
			isa = XCBuildConfiguration;
			buildSettings = {
				ASSETCATALOG_COMPILER_APPICON_NAME = "AppIcon-1";
				ASSETCATALOG_COMPILER_LAUNCHIMAGE_NAME = LaunchImage;
				CLANG_ENABLE_MODULE_DEBUGGING = NO;
				CODE_SIGN_ENTITLEMENTS = "ParseStarterProject-Swift.entitlements";
				CODE_SIGN_IDENTITY = "iPhone Developer";
				"CODE_SIGN_IDENTITY[sdk=iphoneos*]" = "iPhone Developer";
				EMBEDDED_CONTENT_CONTAINS_SWIFT = YES;
				FRAMEWORK_SEARCH_PATHS = (
					"$(inherited)",
					"$(PROJECT_DIR)",
					"/Users/niralshah/Documents/ParseSDK/**",
					"/Users/niralshah/Documents/FacebookSDK/**",
				);
				INFOPLIST_FILE = Resources/Info.plist;
				IPHONEOS_DEPLOYMENT_TARGET = 9.1;
				LD_RUNPATH_SEARCH_PATHS = "$(inherited) @executable_path/Frameworks";
				"OTHER_LDFLAGS[arch=*]" = "-ObjC";
				PRODUCT_BUNDLE_IDENTIFIER = "com.parse.ParseStarterProject-Swift28";
				PRODUCT_NAME = "ParseStarterProject-Swift";
				PROVISIONING_PROFILE = "";
				SWIFT_OBJC_BRIDGING_HEADER = "Bridging-Header.h";
				TARGETED_DEVICE_FAMILY = 1;
			};
			name = Debug;
		};
		81BA81661A49DA1800E65899 /* Release */ = {
			isa = XCBuildConfiguration;
			buildSettings = {
				ASSETCATALOG_COMPILER_APPICON_NAME = "AppIcon-1";
				ASSETCATALOG_COMPILER_LAUNCHIMAGE_NAME = LaunchImage;
				CLANG_ENABLE_MODULE_DEBUGGING = NO;
				CODE_SIGN_ENTITLEMENTS = "ParseStarterProject-Swift.entitlements";
				CODE_SIGN_IDENTITY = "iPhone Developer";
				"CODE_SIGN_IDENTITY[sdk=iphoneos*]" = "iPhone Developer";
				EMBEDDED_CONTENT_CONTAINS_SWIFT = YES;
				FRAMEWORK_SEARCH_PATHS = (
					"$(inherited)",
					"$(PROJECT_DIR)",
					"/Users/niralshah/Documents/ParseSDK/**",
					"/Users/niralshah/Documents/FacebookSDK/**",
				);
				INFOPLIST_FILE = Resources/Info.plist;
				IPHONEOS_DEPLOYMENT_TARGET = 9.1;
				LD_RUNPATH_SEARCH_PATHS = "$(inherited) @executable_path/Frameworks";
				PRODUCT_BUNDLE_IDENTIFIER = "com.parse.ParseStarterProject-Swift28";
				PRODUCT_NAME = "ParseStarterProject-Swift";
				PROVISIONING_PROFILE = "";
				SWIFT_OBJC_BRIDGING_HEADER = "Bridging-Header.h";
				TARGETED_DEVICE_FAMILY = 1;
			};
			name = Release;
		};
/* End XCBuildConfiguration section */

/* Begin XCConfigurationList section */
		81BA81401A49DA1800E65899 /* Build configuration list for PBXProject "ParseStarterProject-Swift" */ = {
			isa = XCConfigurationList;
			buildConfigurations = (
				81BA81621A49DA1800E65899 /* Debug */,
				81BA81631A49DA1800E65899 /* Release */,
			);
			defaultConfigurationIsVisible = 0;
			defaultConfigurationName = Release;
		};
		81BA81641A49DA1800E65899 /* Build configuration list for PBXNativeTarget "ParseStarterProject-Swift" */ = {
			isa = XCConfigurationList;
			buildConfigurations = (
				81BA81651A49DA1800E65899 /* Debug */,
				81BA81661A49DA1800E65899 /* Release */,
			);
			defaultConfigurationIsVisible = 0;
			defaultConfigurationName = Release;
		};
/* End XCConfigurationList section */
	};
	rootObject = 81BA813D1A49DA1800E65899 /* Project object */;
}
