// !$*UTF8*$!
{
	archiveVersion = 1;
	classes = {
	};
	objectVersion = 46;
	objects = {

/* Begin PBXBuildFile section */
		1A0535041CA89C7400A67C3C /* pot-of-gold.png in Resources */ = {isa = PBXBuildFile; fileRef = 1A0535031CA89C7400A67C3C /* pot-of-gold.png */; };
		1A0535111CAA291D00A67C3C /* GameViewController.swift in Sources */ = {isa = PBXBuildFile; fileRef = 1A0535101CAA291D00A67C3C /* GameViewController.swift */; };
		1A0535151CAAD15100A67C3C /* wheelRight.png in Resources */ = {isa = PBXBuildFile; fileRef = 1A0535141CAAD15100A67C3C /* wheelRight.png */; };
		1A0EB8281CD03AB700D1BBBC /* gift32.png in Resources */ = {isa = PBXBuildFile; fileRef = 1A0EB8271CD03AB700D1BBBC /* gift32.png */; };
		1A0EB82E1CD03BF000D1BBBC /* ProfileTab.png in Resources */ = {isa = PBXBuildFile; fileRef = 1A0EB82D1CD03BF000D1BBBC /* ProfileTab.png */; };
		1A0EB8301CD03C4A00D1BBBC /* SocialTab.png in Resources */ = {isa = PBXBuildFile; fileRef = 1A0EB82F1CD03C4A00D1BBBC /* SocialTab.png */; };
		1A0EB8321CD03CB700D1BBBC /* GameTab.png in Resources */ = {isa = PBXBuildFile; fileRef = 1A0EB8311CD03CB700D1BBBC /* GameTab.png */; };
		1A1FAB941CADF82B0020C0A9 /* arrow.png in Resources */ = {isa = PBXBuildFile; fileRef = 1A1FAB931CADF82B0020C0A9 /* arrow.png */; };
		1A1FAB991CADF9290020C0A9 /* arrow_donw_left.png in Resources */ = {isa = PBXBuildFile; fileRef = 1A1FAB981CADF9290020C0A9 /* arrow_donw_left.png */; };
		1A1FAB9D1CAE1AA50020C0A9 /* workoutWheel.png in Resources */ = {isa = PBXBuildFile; fileRef = 1A1FAB9C1CAE1AA50020C0A9 /* workoutWheel.png */; };
		1A1FABA71CAE4CA90020C0A9 /* Bullish-48.png in Resources */ = {isa = PBXBuildFile; fileRef = 1A1FAB9F1CAE4CA90020C0A9 /* Bullish-48.png */; };
		1A1FABA81CAE4CA90020C0A9 /* Diploma 2-50.png in Resources */ = {isa = PBXBuildFile; fileRef = 1A1FABA01CAE4CA90020C0A9 /* Diploma 2-50.png */; };
		1A1FABA91CAE4CA90020C0A9 /* Handshake-48.png in Resources */ = {isa = PBXBuildFile; fileRef = 1A1FABA11CAE4CA90020C0A9 /* Handshake-48.png */; };
		1A1FABAA1CAE4CA90020C0A9 /* Leaderboard-48.png in Resources */ = {isa = PBXBuildFile; fileRef = 1A1FABA21CAE4CA90020C0A9 /* Leaderboard-48.png */; };
		1A1FABAB1CAE4CA90020C0A9 /* Medal 2-48.png in Resources */ = {isa = PBXBuildFile; fileRef = 1A1FABA31CAE4CA90020C0A9 /* Medal 2-48.png */; };
		1A1FABAC1CAE4CA90020C0A9 /* Talk-52.png in Resources */ = {isa = PBXBuildFile; fileRef = 1A1FABA41CAE4CA90020C0A9 /* Talk-52.png */; };
		1A1FABAD1CAE4CA90020C0A9 /* Trophy-48.png in Resources */ = {isa = PBXBuildFile; fileRef = 1A1FABA51CAE4CA90020C0A9 /* Trophy-48.png */; };
		1A1FABAE1CAE4CA90020C0A9 /* Win-48.png in Resources */ = {isa = PBXBuildFile; fileRef = 1A1FABA61CAE4CA90020C0A9 /* Win-48.png */; };
		1A1FABB41CAE53700020C0A9 /* ivan.jpg in Resources */ = {isa = PBXBuildFile; fileRef = 1A1FABB31CAE53700020C0A9 /* ivan.jpg */; };
		1A1FABB71CAE53860020C0A9 /* Ravi.png in Resources */ = {isa = PBXBuildFile; fileRef = 1A1FABB51CAE53860020C0A9 /* Ravi.png */; };
		1A1FABB81CAE53860020C0A9 /* Priyesh.png in Resources */ = {isa = PBXBuildFile; fileRef = 1A1FABB61CAE53860020C0A9 /* Priyesh.png */; };
		1A1FABBC1CAE538F0020C0A9 /* Sriram.png in Resources */ = {isa = PBXBuildFile; fileRef = 1A1FABB91CAE538F0020C0A9 /* Sriram.png */; };
		1A1FABBE1CAE538F0020C0A9 /* Spencer.png in Resources */ = {isa = PBXBuildFile; fileRef = 1A1FABBB1CAE538F0020C0A9 /* Spencer.png */; };
		1A1FABC01CAE54270020C0A9 /* Milap.png in Resources */ = {isa = PBXBuildFile; fileRef = 1A1FABBF1CAE54270020C0A9 /* Milap.png */; };
		1A1FABC41CAE58A30020C0A9 /* ArenaViewController.swift in Sources */ = {isa = PBXBuildFile; fileRef = 1A1FABC31CAE58A30020C0A9 /* ArenaViewController.swift */; };
		1A3646821CA86831001E1F82 /* Charts.framework in Frameworks */ = {isa = PBXBuildFile; fileRef = 1A36467A1CA86790001E1F82 /* Charts.framework */; };
		1A3646831CA8683E001E1F82 /* Charts.framework in Frameworks */ = {isa = PBXBuildFile; fileRef = 1A36467A1CA86790001E1F82 /* Charts.framework */; };
		1A3646841CA8683E001E1F82 /* Charts.framework in Embed Frameworks */ = {isa = PBXBuildFile; fileRef = 1A36467A1CA86790001E1F82 /* Charts.framework */; settings = {ATTRIBUTES = (CodeSignOnCopy, RemoveHeadersOnCopy, ); }; };
		1A3B99571CAED3DF00ADC949 /* Niral.png in Resources */ = {isa = PBXBuildFile; fileRef = 1A3B99561CAED3DF00ADC949 /* Niral.png */; };
		1A3B995F1CAED71800ADC949 /* SocialTableTableViewController.swift in Sources */ = {isa = PBXBuildFile; fileRef = 1A3B995E1CAED71800ADC949 /* SocialTableTableViewController.swift */; };
		1A5400B61CA7A6240066D6C7 /* starAvm.png in Resources */ = {isa = PBXBuildFile; fileRef = 1A5400B51CA7A6240066D6C7 /* starAvm.png */; };
		1A5400B81CA7A62C0066D6C7 /* shieldAvm.png in Resources */ = {isa = PBXBuildFile; fileRef = 1A5400B71CA7A62C0066D6C7 /* shieldAvm.png */; };
		1A6D7E901C99FAFA00342CAE /* HealthManager.swift in Sources */ = {isa = PBXBuildFile; fileRef = 1A6D7E8F1C99FAFA00342CAE /* HealthManager.swift */; };
		1A6D7E971C9A0D9600342CAE /* HealthKit.framework in Frameworks */ = {isa = PBXBuildFile; fileRef = 1A6D7E961C9A0D9600342CAE /* HealthKit.framework */; };
		1A6F971B1CAE6A3400C3FE60 /* CouponTableViewController.swift in Sources */ = {isa = PBXBuildFile; fileRef = 1A6F971A1CAE6A3400C3FE60 /* CouponTableViewController.swift */; };
		1A6F97221CAE6B3500C3FE60 /* proteinshakeitem.png in Resources */ = {isa = PBXBuildFile; fileRef = 1A6F971C1CAE6B3500C3FE60 /* proteinshakeitem.png */; };
		1A6F97231CAE6B3500C3FE60 /* proteinpowderitem.png in Resources */ = {isa = PBXBuildFile; fileRef = 1A6F971D1CAE6B3500C3FE60 /* proteinpowderitem.png */; };
		1A6F97241CAE6B3500C3FE60 /* proteinbaritem.png in Resources */ = {isa = PBXBuildFile; fileRef = 1A6F971E1CAE6B3500C3FE60 /* proteinbaritem.png */; };
		1A6F97251CAE6B3500C3FE60 /* beatsheaditem.png in Resources */ = {isa = PBXBuildFile; fileRef = 1A6F971F1CAE6B3500C3FE60 /* beatsheaditem.png */; };
		1A6F97261CAE6B3500C3FE60 /* shoesitem.png in Resources */ = {isa = PBXBuildFile; fileRef = 1A6F97201CAE6B3500C3FE60 /* shoesitem.png */; };
		1A6F97271CAE6B3500C3FE60 /* elasticbanditem.png in Resources */ = {isa = PBXBuildFile; fileRef = 1A6F97211CAE6B3500C3FE60 /* elasticbanditem.png */; };
		1A8B48861CB0A6CD00A283F3 /* ParseStarterProject_SwiftTests.swift in Sources */ = {isa = PBXBuildFile; fileRef = 1A8B48851CB0A6CD00A283F3 /* ParseStarterProject_SwiftTests.swift */; };
		1A8B488D1CB0ABDB00A283F3 /* Main.storyboard in Resources */ = {isa = PBXBuildFile; fileRef = 814C3AC61B69877600E307BB /* Main.storyboard */; };
		1A8D4D131CA743A6000A950C /* ImageLoader.swift in Sources */ = {isa = PBXBuildFile; fileRef = 1A8D4D121CA743A6000A950C /* ImageLoader.swift */; };
		1A8D4D151CA7474A000A950C /* CircularProgressBar.swift in Sources */ = {isa = PBXBuildFile; fileRef = 1A8D4D141CA7474A000A950C /* CircularProgressBar.swift */; };
		1A8DA8541C95E0310078BE44 /* ProfileViewController.swift in Sources */ = {isa = PBXBuildFile; fileRef = 1AB5F8631C824FD800C3B06A /* ProfileViewController.swift */; };
		1A9319D61CCFD3CF00A52523 /* SocialWorkout.jpg in Resources */ = {isa = PBXBuildFile; fileRef = 1A9319D51CCFD3CF00A52523 /* SocialWorkout.jpg */; };
		1A9319E01CCFD3EC00A52523 /* Job-Sports-Coach-Featured.png in Resources */ = {isa = PBXBuildFile; fileRef = 1A9319DE1CCFD3EC00A52523 /* Job-Sports-Coach-Featured.png */; };
		1A9319E51CCFDADE00A52523 /* workoutRoulette.jpg in Resources */ = {isa = PBXBuildFile; fileRef = 1A9319E41CCFDADE00A52523 /* workoutRoulette.jpg */; };
		1A9319E71CCFDF0F00A52523 /* PersonalTrainingViewController.swift in Sources */ = {isa = PBXBuildFile; fileRef = 1A9319E61CCFDF0F00A52523 /* PersonalTrainingViewController.swift */; };
		1AA0D2241CD02F8400F820DB /* Screen Shot 2016-04-26 at 7.20.16 PM.png in Resources */ = {isa = PBXBuildFile; fileRef = 1AA0D2231CD02F8400F820DB /* Screen Shot 2016-04-26 at 7.20.16 PM.png */; };
		1AA9BBEC1CB0AD4D00A6DF4F /* UIKit.framework in Frameworks */ = {isa = PBXBuildFile; fileRef = 1A6102641CA86379005D25B0 /* UIKit.framework */; };
		1AA9BBED1CB0AD4E00A6DF4F /* UIKit.framework in Frameworks */ = {isa = PBXBuildFile; fileRef = 1A6102641CA86379005D25B0 /* UIKit.framework */; };
		1AA9BBEE1CB0AD5100A6DF4F /* QuartzCore.framework in Frameworks */ = {isa = PBXBuildFile; fileRef = 1A6102621CA86371005D25B0 /* QuartzCore.framework */; };
		1AA9BBEF1CB0AD5100A6DF4F /* QuartzCore.framework in Frameworks */ = {isa = PBXBuildFile; fileRef = 1A6102621CA86371005D25B0 /* QuartzCore.framework */; };
		1AA9BBF01CB0AD5400A6DF4F /* CoreData.framework in Frameworks */ = {isa = PBXBuildFile; fileRef = 1A8D4D0E1CA7400A000A950C /* CoreData.framework */; };
		1AA9BBF11CB0AD5400A6DF4F /* CoreData.framework in Frameworks */ = {isa = PBXBuildFile; fileRef = 1A8D4D0E1CA7400A000A950C /* CoreData.framework */; };
		1AA9BBF21CB0AD5700A6DF4F /* HealthKit.framework in Frameworks */ = {isa = PBXBuildFile; fileRef = 1A6D7E961C9A0D9600342CAE /* HealthKit.framework */; };
		1AA9BBF31CB0AD5900A6DF4F /* Bolts.framework in Frameworks */ = {isa = PBXBuildFile; fileRef = 1AB5F6B81C82405C00C3B06A /* Bolts.framework */; };
		1AA9BBF41CB0AD5C00A6DF4F /* ParseFacebookUtilsV4.framework in Frameworks */ = {isa = PBXBuildFile; fileRef = 1AB5F6B11C82388A00C3B06A /* ParseFacebookUtilsV4.framework */; };
		1AA9BBF51CB0AD5F00A6DF4F /* ParseUI.framework in Frameworks */ = {isa = PBXBuildFile; fileRef = 1AB5F6B31C82388A00C3B06A /* ParseUI.framework */; };
		1AA9BBF61CB0AD6100A6DF4F /* FBSDKCoreKit.framework in Frameworks */ = {isa = PBXBuildFile; fileRef = 1AB5F6C71C82417E00C3B06A /* FBSDKCoreKit.framework */; };
		1AA9BBF71CB0AD6400A6DF4F /* FBSDKLoginKit.framework in Frameworks */ = {isa = PBXBuildFile; fileRef = 1AB5F6C81C82417E00C3B06A /* FBSDKLoginKit.framework */; };
		1AA9BBF81CB0AD6600A6DF4F /* FBSDKMessengerShareKit.framework in Frameworks */ = {isa = PBXBuildFile; fileRef = 1AB5F6C91C82417E00C3B06A /* FBSDKMessengerShareKit.framework */; };
		1AA9BBF91CB0AD6900A6DF4F /* FBSDKShareKit.framework in Frameworks */ = {isa = PBXBuildFile; fileRef = 1AB5F6CA1C82417E00C3B06A /* FBSDKShareKit.framework */; };
		1AA9BBFA1CB0AD6B00A6DF4F /* Parse.framework in Frameworks */ = {isa = PBXBuildFile; fileRef = 81BA816C1A49DB6800E65899 /* Parse.framework */; };
		1AA9BBFB1CB0AD7000A6DF4F /* SystemConfiguration.framework in Frameworks */ = {isa = PBXBuildFile; fileRef = 81BA817A1A49E0E500E65899 /* SystemConfiguration.framework */; };
		1AA9BBFC1CB0AD7200A6DF4F /* AudioToolbox.framework in Frameworks */ = {isa = PBXBuildFile; fileRef = 81BA81781A49E0DB00E65899 /* AudioToolbox.framework */; };
		1AA9BBFD1CB0AD7600A6DF4F /* libstdc++.6.dylib in Frameworks */ = {isa = PBXBuildFile; fileRef = 81BA817E1A49E0F000E65899 /* libstdc++.6.dylib */; };
		1AA9BBFE1CB0AD7800A6DF4F /* libsqlite3.dylib in Frameworks */ = {isa = PBXBuildFile; fileRef = 81BA81761A49E0D500E65899 /* libsqlite3.dylib */; };
		1AA9BC001CB0B01900A6DF4F /* ProfilePage.swift in Sources */ = {isa = PBXBuildFile; fileRef = 1AA9BBFF1CB0B01900A6DF4F /* ProfilePage.swift */; };
		1AA9BC081CB0B17600A6DF4F /* ParseStarterProject_SwiftUITests.swift in Sources */ = {isa = PBXBuildFile; fileRef = 1AA9BC071CB0B17600A6DF4F /* ParseStarterProject_SwiftUITests.swift */; };
		1AA9BC101CB0B1E600A6DF4F /* ProfileViewTests.swift in Sources */ = {isa = PBXBuildFile; fileRef = 1AA9BC0F1CB0B1E600A6DF4F /* ProfileViewTests.swift */; };
		1AA9BC121CB0B24100A6DF4F /* LoginViewTests.swift in Sources */ = {isa = PBXBuildFile; fileRef = 1AA9BC111CB0B24100A6DF4F /* LoginViewTests.swift */; };
		1AA9BC141CB0B29600A6DF4F /* SocialViewTests.swift in Sources */ = {isa = PBXBuildFile; fileRef = 1AA9BC131CB0B29600A6DF4F /* SocialViewTests.swift */; };
		1AA9BC161CB0B2D700A6DF4F /* GameViewTests.swift in Sources */ = {isa = PBXBuildFile; fileRef = 1AA9BC151CB0B2D700A6DF4F /* GameViewTests.swift */; };
		1AA9BC181CB0B33700A6DF4F /* ArenaTests.swift in Sources */ = {isa = PBXBuildFile; fileRef = 1AA9BC171CB0B33700A6DF4F /* ArenaTests.swift */; };
		1AA9BC1A1CB0B35E00A6DF4F /* StoreTests.swift in Sources */ = {isa = PBXBuildFile; fileRef = 1AA9BC191CB0B35E00A6DF4F /* StoreTests.swift */; };
		1AB5F6B51C82388A00C3B06A /* ParseFacebookUtilsV4.framework in Frameworks */ = {isa = PBXBuildFile; fileRef = 1AB5F6B11C82388A00C3B06A /* ParseFacebookUtilsV4.framework */; };
		1AB5F6B71C82388A00C3B06A /* ParseUI.framework in Frameworks */ = {isa = PBXBuildFile; fileRef = 1AB5F6B31C82388A00C3B06A /* ParseUI.framework */; };
		1AB5F6B91C82405C00C3B06A /* Bolts.framework in Frameworks */ = {isa = PBXBuildFile; fileRef = 1AB5F6B81C82405C00C3B06A /* Bolts.framework */; };
		1AB5F7C11C82417E00C3B06A /* FBSDKCoreKit.framework in Frameworks */ = {isa = PBXBuildFile; fileRef = 1AB5F6C71C82417E00C3B06A /* FBSDKCoreKit.framework */; };
		1AB5F7C21C82417E00C3B06A /* FBSDKLoginKit.framework in Frameworks */ = {isa = PBXBuildFile; fileRef = 1AB5F6C81C82417E00C3B06A /* FBSDKLoginKit.framework */; };
		1AB5F7C31C82417E00C3B06A /* FBSDKMessengerShareKit.framework in Frameworks */ = {isa = PBXBuildFile; fileRef = 1AB5F6C91C82417E00C3B06A /* FBSDKMessengerShareKit.framework */; };
		1AB5F7C41C82417E00C3B06A /* FBSDKShareKit.framework in Frameworks */ = {isa = PBXBuildFile; fileRef = 1AB5F6CA1C82417E00C3B06A /* FBSDKShareKit.framework */; };
		814C3ACA1B69877600E307BB /* Main.storyboard in Resources */ = {isa = PBXBuildFile; fileRef = 814C3AC61B69877600E307BB /* Main.storyboard */; };
		814C3ACB1B69877600E307BB /* Images.xcassets in Resources */ = {isa = PBXBuildFile; fileRef = 814C3AC81B69877600E307BB /* Images.xcassets */; };
		81BA814B1A49DA1800E65899 /* AppDelegate.swift in Sources */ = {isa = PBXBuildFile; fileRef = 81BA814A1A49DA1800E65899 /* AppDelegate.swift */; };
		81BA814D1A49DA1800E65899 /* ViewController.swift in Sources */ = {isa = PBXBuildFile; fileRef = 81BA814C1A49DA1800E65899 /* ViewController.swift */; };
		81BA81711A49DB6800E65899 /* Parse.framework in Frameworks */ = {isa = PBXBuildFile; fileRef = 81BA816C1A49DB6800E65899 /* Parse.framework */; };
		81BA81771A49E0D500E65899 /* libsqlite3.dylib in Frameworks */ = {isa = PBXBuildFile; fileRef = 81BA81761A49E0D500E65899 /* libsqlite3.dylib */; };
		81BA81791A49E0DB00E65899 /* AudioToolbox.framework in Frameworks */ = {isa = PBXBuildFile; fileRef = 81BA81781A49E0DB00E65899 /* AudioToolbox.framework */; };
		81BA817B1A49E0E500E65899 /* SystemConfiguration.framework in Frameworks */ = {isa = PBXBuildFile; fileRef = 81BA817A1A49E0E500E65899 /* SystemConfiguration.framework */; };
		81BA817F1A49E0F000E65899 /* libstdc++.6.dylib in Frameworks */ = {isa = PBXBuildFile; fileRef = 81BA817E1A49E0F000E65899 /* libstdc++.6.dylib */; };
/* End PBXBuildFile section */

/* Begin PBXContainerItemProxy section */
		1A3646791CA86790001E1F82 /* PBXContainerItemProxy */ = {
			isa = PBXContainerItemProxy;
			containerPortal = 1A3646721CA86790001E1F82 /* Charts.xcodeproj */;
			proxyType = 2;
			remoteGlobalIDString = 5BA8EC401A9D14DC00CE82E1;
			remoteInfo = "Charts-iOS";
		};
		1A36467B1CA86790001E1F82 /* PBXContainerItemProxy */ = {
			isa = PBXContainerItemProxy;
			containerPortal = 1A3646721CA86790001E1F82 /* Charts.xcodeproj */;
			proxyType = 2;
			remoteGlobalIDString = A52C5C371BAC5CA400594CDD;
			remoteInfo = "Charts-TV";
		};
		1A36467D1CA86790001E1F82 /* PBXContainerItemProxy */ = {
			isa = PBXContainerItemProxy;
			containerPortal = 1A3646721CA86790001E1F82 /* Charts.xcodeproj */;
			proxyType = 2;
			remoteGlobalIDString = 65B3F5BF1C7370BE000983D0;
			remoteInfo = "Charts-OSX";
		};
		1A36467F1CA86790001E1F82 /* PBXContainerItemProxy */ = {
			isa = PBXContainerItemProxy;
			containerPortal = 1A3646721CA86790001E1F82 /* Charts.xcodeproj */;
			proxyType = 2;
			remoteGlobalIDString = 06AEE7A21BDC3F8B009875AE;
			remoteInfo = ChartsTests;
		};
		1A3646851CA8683E001E1F82 /* PBXContainerItemProxy */ = {
			isa = PBXContainerItemProxy;
			containerPortal = 1A3646721CA86790001E1F82 /* Charts.xcodeproj */;
			proxyType = 1;
			remoteGlobalIDString = 5BA8EC3F1A9D14DC00CE82E1;
			remoteInfo = "Charts-iOS";
		};
		1A6F97141CAE69C000C3FE60 /* PBXContainerItemProxy */ = {
			isa = PBXContainerItemProxy;
			containerPortal = 1A6F970B1CAE69C000C3FE60 /* CouponStore.xcodeproj */;
			proxyType = 2;
			remoteGlobalIDString = D266A2B81CADE8250001AFE3;
			remoteInfo = CouponStore;
		};
		1A6F97161CAE69C000C3FE60 /* PBXContainerItemProxy */ = {
			isa = PBXContainerItemProxy;
			containerPortal = 1A6F970B1CAE69C000C3FE60 /* CouponStore.xcodeproj */;
			proxyType = 2;
			remoteGlobalIDString = D266A2CC1CADE8250001AFE3;
			remoteInfo = CouponStoreTests;
		};
		1A6F97181CAE69C000C3FE60 /* PBXContainerItemProxy */ = {
			isa = PBXContainerItemProxy;
			containerPortal = 1A6F970B1CAE69C000C3FE60 /* CouponStore.xcodeproj */;
			proxyType = 2;
			remoteGlobalIDString = D266A2D71CADE8250001AFE3;
			remoteInfo = CouponStoreUITests;
		};
		1A8B48881CB0A6CD00A283F3 /* PBXContainerItemProxy */ = {
			isa = PBXContainerItemProxy;
			containerPortal = 81BA813D1A49DA1800E65899 /* Project object */;
			proxyType = 1;
			remoteGlobalIDString = 81BA81441A49DA1800E65899;
			remoteInfo = "ParseStarterProject-Swift";
		};
		1AA9BC0A1CB0B17600A6DF4F /* PBXContainerItemProxy */ = {
			isa = PBXContainerItemProxy;
			containerPortal = 81BA813D1A49DA1800E65899 /* Project object */;
			proxyType = 1;
			remoteGlobalIDString = 81BA81441A49DA1800E65899;
			remoteInfo = "ParseStarterProject-Swift";
		};
/* End PBXContainerItemProxy section */

/* Begin PBXCopyFilesBuildPhase section */
		1A3646871CA8683E001E1F82 /* Embed Frameworks */ = {
			isa = PBXCopyFilesBuildPhase;
			buildActionMask = 2147483647;
			dstPath = "";
			dstSubfolderSpec = 10;
			files = (
				1A3646841CA8683E001E1F82 /* Charts.framework in Embed Frameworks */,
			);
			name = "Embed Frameworks";
			runOnlyForDeploymentPostprocessing = 0;
		};
/* End PBXCopyFilesBuildPhase section */

/* Begin PBXFileReference section */
		1A0535031CA89C7400A67C3C /* pot-of-gold.png */ = {isa = PBXFileReference; lastKnownFileType = image.png; path = "pot-of-gold.png"; sourceTree = "<group>"; };
		1A0535101CAA291D00A67C3C /* GameViewController.swift */ = {isa = PBXFileReference; fileEncoding = 4; lastKnownFileType = sourcecode.swift; path = GameViewController.swift; sourceTree = "<group>"; };
		1A0535141CAAD15100A67C3C /* wheelRight.png */ = {isa = PBXFileReference; lastKnownFileType = image.png; path = wheelRight.png; sourceTree = "<group>"; };
		1A0EB8271CD03AB700D1BBBC /* gift32.png */ = {isa = PBXFileReference; lastKnownFileType = image.png; path = gift32.png; sourceTree = "<group>"; };
		1A0EB82D1CD03BF000D1BBBC /* ProfileTab.png */ = {isa = PBXFileReference; lastKnownFileType = image.png; path = ProfileTab.png; sourceTree = "<group>"; };
		1A0EB82F1CD03C4A00D1BBBC /* SocialTab.png */ = {isa = PBXFileReference; lastKnownFileType = image.png; path = SocialTab.png; sourceTree = "<group>"; };
		1A0EB8311CD03CB700D1BBBC /* GameTab.png */ = {isa = PBXFileReference; lastKnownFileType = image.png; path = GameTab.png; sourceTree = "<group>"; };
		1A1FAB931CADF82B0020C0A9 /* arrow.png */ = {isa = PBXFileReference; lastKnownFileType = image.png; path = arrow.png; sourceTree = "<group>"; };
		1A1FAB981CADF9290020C0A9 /* arrow_donw_left.png */ = {isa = PBXFileReference; lastKnownFileType = image.png; path = arrow_donw_left.png; sourceTree = "<group>"; };
		1A1FAB9C1CAE1AA50020C0A9 /* workoutWheel.png */ = {isa = PBXFileReference; lastKnownFileType = image.png; path = workoutWheel.png; sourceTree = "<group>"; };
		1A1FAB9F1CAE4CA90020C0A9 /* Bullish-48.png */ = {isa = PBXFileReference; lastKnownFileType = image.png; path = "Bullish-48.png"; sourceTree = "<group>"; };
		1A1FABA01CAE4CA90020C0A9 /* Diploma 2-50.png */ = {isa = PBXFileReference; lastKnownFileType = image.png; path = "Diploma 2-50.png"; sourceTree = "<group>"; };
		1A1FABA11CAE4CA90020C0A9 /* Handshake-48.png */ = {isa = PBXFileReference; lastKnownFileType = image.png; path = "Handshake-48.png"; sourceTree = "<group>"; };
		1A1FABA21CAE4CA90020C0A9 /* Leaderboard-48.png */ = {isa = PBXFileReference; lastKnownFileType = image.png; path = "Leaderboard-48.png"; sourceTree = "<group>"; };
		1A1FABA31CAE4CA90020C0A9 /* Medal 2-48.png */ = {isa = PBXFileReference; lastKnownFileType = image.png; path = "Medal 2-48.png"; sourceTree = "<group>"; };
		1A1FABA41CAE4CA90020C0A9 /* Talk-52.png */ = {isa = PBXFileReference; lastKnownFileType = image.png; path = "Talk-52.png"; sourceTree = "<group>"; };
		1A1FABA51CAE4CA90020C0A9 /* Trophy-48.png */ = {isa = PBXFileReference; lastKnownFileType = image.png; path = "Trophy-48.png"; sourceTree = "<group>"; };
		1A1FABA61CAE4CA90020C0A9 /* Win-48.png */ = {isa = PBXFileReference; lastKnownFileType = image.png; path = "Win-48.png"; sourceTree = "<group>"; };
		1A1FABB31CAE53700020C0A9 /* ivan.jpg */ = {isa = PBXFileReference; lastKnownFileType = image.jpeg; path = ivan.jpg; sourceTree = "<group>"; };
		1A1FABB51CAE53860020C0A9 /* Ravi.png */ = {isa = PBXFileReference; lastKnownFileType = image.png; path = Ravi.png; sourceTree = "<group>"; };
		1A1FABB61CAE53860020C0A9 /* Priyesh.png */ = {isa = PBXFileReference; lastKnownFileType = image.png; path = Priyesh.png; sourceTree = "<group>"; };
		1A1FABB91CAE538F0020C0A9 /* Sriram.png */ = {isa = PBXFileReference; lastKnownFileType = image.png; path = Sriram.png; sourceTree = "<group>"; };
		1A1FABBB1CAE538F0020C0A9 /* Spencer.png */ = {isa = PBXFileReference; lastKnownFileType = image.png; path = Spencer.png; sourceTree = "<group>"; };
		1A1FABBF1CAE54270020C0A9 /* Milap.png */ = {isa = PBXFileReference; lastKnownFileType = image.png; path = Milap.png; sourceTree = "<group>"; };
		1A1FABC31CAE58A30020C0A9 /* ArenaViewController.swift */ = {isa = PBXFileReference; fileEncoding = 4; lastKnownFileType = sourcecode.swift; name = ArenaViewController.swift; path = ../ArenaViewController.swift; sourceTree = "<group>"; };
		1A3646721CA86790001E1F82 /* Charts.xcodeproj */ = {isa = PBXFileReference; lastKnownFileType = "wrapper.pb-project"; name = Charts.xcodeproj; path = "../../ios-charts-master 2/Charts/Charts.xcodeproj"; sourceTree = "<group>"; };
		1A3B99561CAED3DF00ADC949 /* Niral.png */ = {isa = PBXFileReference; lastKnownFileType = image.png; path = Niral.png; sourceTree = "<group>"; };
		1A3B995E1CAED71800ADC949 /* SocialTableTableViewController.swift */ = {isa = PBXFileReference; fileEncoding = 4; lastKnownFileType = sourcecode.swift; path = SocialTableTableViewController.swift; sourceTree = "<group>"; };
		1A5400B51CA7A6240066D6C7 /* starAvm.png */ = {isa = PBXFileReference; lastKnownFileType = image.png; path = starAvm.png; sourceTree = "<group>"; };
		1A5400B71CA7A62C0066D6C7 /* shieldAvm.png */ = {isa = PBXFileReference; lastKnownFileType = image.png; path = shieldAvm.png; sourceTree = "<group>"; };
		1A6102621CA86371005D25B0 /* QuartzCore.framework */ = {isa = PBXFileReference; lastKnownFileType = wrapper.framework; name = QuartzCore.framework; path = System/Library/Frameworks/QuartzCore.framework; sourceTree = SDKROOT; };
		1A6102641CA86379005D25B0 /* UIKit.framework */ = {isa = PBXFileReference; lastKnownFileType = wrapper.framework; name = UIKit.framework; path = System/Library/Frameworks/UIKit.framework; sourceTree = SDKROOT; };
		1A6D7E8F1C99FAFA00342CAE /* HealthManager.swift */ = {isa = PBXFileReference; fileEncoding = 4; lastKnownFileType = sourcecode.swift; path = HealthManager.swift; sourceTree = "<group>"; };
		1A6D7E911C99FB9300342CAE /* ParseStarterProject-Swift.entitlements */ = {isa = PBXFileReference; lastKnownFileType = text.xml; path = "ParseStarterProject-Swift.entitlements"; sourceTree = "<group>"; };
		1A6D7E961C9A0D9600342CAE /* HealthKit.framework */ = {isa = PBXFileReference; lastKnownFileType = wrapper.framework; name = HealthKit.framework; path = System/Library/Frameworks/HealthKit.framework; sourceTree = SDKROOT; };
		1A6F970B1CAE69C000C3FE60 /* CouponStore.xcodeproj */ = {isa = PBXFileReference; lastKnownFileType = "wrapper.pb-project"; name = CouponStore.xcodeproj; path = ../../CouponStore/CouponStore.xcodeproj; sourceTree = "<group>"; };
		1A6F971A1CAE6A3400C3FE60 /* CouponTableViewController.swift */ = {isa = PBXFileReference; fileEncoding = 4; lastKnownFileType = sourcecode.swift; name = CouponTableViewController.swift; path = ../../../CouponStore/CouponStore/CouponTableViewController.swift; sourceTree = "<group>"; };
		1A6F971C1CAE6B3500C3FE60 /* proteinshakeitem.png */ = {isa = PBXFileReference; lastKnownFileType = image.png; path = proteinshakeitem.png; sourceTree = "<group>"; };
		1A6F971D1CAE6B3500C3FE60 /* proteinpowderitem.png */ = {isa = PBXFileReference; lastKnownFileType = image.png; path = proteinpowderitem.png; sourceTree = "<group>"; };
		1A6F971E1CAE6B3500C3FE60 /* proteinbaritem.png */ = {isa = PBXFileReference; lastKnownFileType = image.png; path = proteinbaritem.png; sourceTree = "<group>"; };
		1A6F971F1CAE6B3500C3FE60 /* beatsheaditem.png */ = {isa = PBXFileReference; lastKnownFileType = image.png; path = beatsheaditem.png; sourceTree = "<group>"; };
		1A6F97201CAE6B3500C3FE60 /* shoesitem.png */ = {isa = PBXFileReference; lastKnownFileType = image.png; path = shoesitem.png; sourceTree = "<group>"; };
		1A6F97211CAE6B3500C3FE60 /* elasticbanditem.png */ = {isa = PBXFileReference; lastKnownFileType = image.png; path = elasticbanditem.png; sourceTree = "<group>"; };
		1A8B48831CB0A6CD00A283F3 /* ParseStarterProject-SwiftTests.xctest */ = {isa = PBXFileReference; explicitFileType = wrapper.cfbundle; includeInIndex = 0; path = "ParseStarterProject-SwiftTests.xctest"; sourceTree = BUILT_PRODUCTS_DIR; };
		1A8B48851CB0A6CD00A283F3 /* ParseStarterProject_SwiftTests.swift */ = {isa = PBXFileReference; lastKnownFileType = sourcecode.swift; path = ParseStarterProject_SwiftTests.swift; sourceTree = "<group>"; };
		1A8B48871CB0A6CD00A283F3 /* Info.plist */ = {isa = PBXFileReference; lastKnownFileType = text.plist.xml; path = Info.plist; sourceTree = "<group>"; };
		1A8D4D0E1CA7400A000A950C /* CoreData.framework */ = {isa = PBXFileReference; lastKnownFileType = wrapper.framework; name = CoreData.framework; path = System/Library/Frameworks/CoreData.framework; sourceTree = SDKROOT; };
		1A8D4D121CA743A6000A950C /* ImageLoader.swift */ = {isa = PBXFileReference; fileEncoding = 4; lastKnownFileType = sourcecode.swift; path = ImageLoader.swift; sourceTree = "<group>"; };
		1A8D4D141CA7474A000A950C /* CircularProgressBar.swift */ = {isa = PBXFileReference; fileEncoding = 4; lastKnownFileType = sourcecode.swift; path = CircularProgressBar.swift; sourceTree = "<group>"; };
		1A8D7B9D1C822403002C5FFA /* Bridging-Header.h */ = {isa = PBXFileReference; lastKnownFileType = sourcecode.c.h; path = "Bridging-Header.h"; sourceTree = "<group>"; };
		1A9319D51CCFD3CF00A52523 /* SocialWorkout.jpg */ = {isa = PBXFileReference; lastKnownFileType = image.jpeg; name = SocialWorkout.jpg; path = ../SocialWorkout.jpg; sourceTree = "<group>"; };
		1A9319DE1CCFD3EC00A52523 /* Job-Sports-Coach-Featured.png */ = {isa = PBXFileReference; lastKnownFileType = image.png; path = "Job-Sports-Coach-Featured.png"; sourceTree = "<group>"; };
		1A9319E41CCFDADE00A52523 /* workoutRoulette.jpg */ = {isa = PBXFileReference; lastKnownFileType = image.jpeg; path = workoutRoulette.jpg; sourceTree = "<group>"; };
		1A9319E61CCFDF0F00A52523 /* PersonalTrainingViewController.swift */ = {isa = PBXFileReference; fileEncoding = 4; lastKnownFileType = sourcecode.swift; path = PersonalTrainingViewController.swift; sourceTree = "<group>"; };
		1AA0D2231CD02F8400F820DB /* Screen Shot 2016-04-26 at 7.20.16 PM.png */ = {isa = PBXFileReference; lastKnownFileType = image.png; path = "Screen Shot 2016-04-26 at 7.20.16 PM.png"; sourceTree = "<group>"; };
		1AA9BBFF1CB0B01900A6DF4F /* ProfilePage.swift */ = {isa = PBXFileReference; fileEncoding = 4; lastKnownFileType = sourcecode.swift; path = ProfilePage.swift; sourceTree = "<group>"; };
		1AA9BC051CB0B17600A6DF4F /* ParseStarterProject-SwiftUITests.xctest */ = {isa = PBXFileReference; explicitFileType = wrapper.cfbundle; includeInIndex = 0; path = "ParseStarterProject-SwiftUITests.xctest"; sourceTree = BUILT_PRODUCTS_DIR; };
		1AA9BC071CB0B17600A6DF4F /* ParseStarterProject_SwiftUITests.swift */ = {isa = PBXFileReference; lastKnownFileType = sourcecode.swift; path = ParseStarterProject_SwiftUITests.swift; sourceTree = "<group>"; };
		1AA9BC091CB0B17600A6DF4F /* Info.plist */ = {isa = PBXFileReference; lastKnownFileType = text.plist.xml; path = Info.plist; sourceTree = "<group>"; };
		1AA9BC0F1CB0B1E600A6DF4F /* ProfileViewTests.swift */ = {isa = PBXFileReference; fileEncoding = 4; lastKnownFileType = sourcecode.swift; path = ProfileViewTests.swift; sourceTree = "<group>"; };
		1AA9BC111CB0B24100A6DF4F /* LoginViewTests.swift */ = {isa = PBXFileReference; fileEncoding = 4; lastKnownFileType = sourcecode.swift; path = LoginViewTests.swift; sourceTree = "<group>"; };
		1AA9BC131CB0B29600A6DF4F /* SocialViewTests.swift */ = {isa = PBXFileReference; fileEncoding = 4; lastKnownFileType = sourcecode.swift; path = SocialViewTests.swift; sourceTree = "<group>"; };
		1AA9BC151CB0B2D700A6DF4F /* GameViewTests.swift */ = {isa = PBXFileReference; fileEncoding = 4; lastKnownFileType = sourcecode.swift; path = GameViewTests.swift; sourceTree = "<group>"; };
		1AA9BC171CB0B33700A6DF4F /* ArenaTests.swift */ = {isa = PBXFileReference; fileEncoding = 4; lastKnownFileType = sourcecode.swift; path = ArenaTests.swift; sourceTree = "<group>"; };
		1AA9BC191CB0B35E00A6DF4F /* StoreTests.swift */ = {isa = PBXFileReference; fileEncoding = 4; lastKnownFileType = sourcecode.swift; path = StoreTests.swift; sourceTree = "<group>"; };
		1AB5F6B11C82388A00C3B06A /* ParseFacebookUtilsV4.framework */ = {isa = PBXFileReference; lastKnownFileType = wrapper.framework; name = ParseFacebookUtilsV4.framework; path = ../../../Documents/ParseSDK/ParseFacebookUtilsV4.framework; sourceTree = "<group>"; };
		1AB5F6B31C82388A00C3B06A /* ParseUI.framework */ = {isa = PBXFileReference; lastKnownFileType = wrapper.framework; name = ParseUI.framework; path = ../../../Documents/ParseSDK/ParseUI.framework; sourceTree = "<group>"; };
		1AB5F6B81C82405C00C3B06A /* Bolts.framework */ = {isa = PBXFileReference; lastKnownFileType = wrapper.framework; name = Bolts.framework; path = ../../../Documents/ParseSDK/Bolts.framework; sourceTree = "<group>"; };
		1AB5F6C71C82417E00C3B06A /* FBSDKCoreKit.framework */ = {isa = PBXFileReference; lastKnownFileType = wrapper.framework; name = FBSDKCoreKit.framework; path = ../../../Documents/FacebookSDK/FBSDKCoreKit.framework; sourceTree = "<group>"; };
		1AB5F6C81C82417E00C3B06A /* FBSDKLoginKit.framework */ = {isa = PBXFileReference; lastKnownFileType = wrapper.framework; name = FBSDKLoginKit.framework; path = ../../../Documents/FacebookSDK/FBSDKLoginKit.framework; sourceTree = "<group>"; };
		1AB5F6C91C82417E00C3B06A /* FBSDKMessengerShareKit.framework */ = {isa = PBXFileReference; lastKnownFileType = wrapper.framework; name = FBSDKMessengerShareKit.framework; path = ../../../Documents/FacebookSDK/FBSDKMessengerShareKit.framework; sourceTree = "<group>"; };
		1AB5F6CA1C82417E00C3B06A /* FBSDKShareKit.framework */ = {isa = PBXFileReference; lastKnownFileType = wrapper.framework; name = FBSDKShareKit.framework; path = ../../../Documents/FacebookSDK/FBSDKShareKit.framework; sourceTree = "<group>"; };
		1AB5F8631C824FD800C3B06A /* ProfileViewController.swift */ = {isa = PBXFileReference; fileEncoding = 4; lastKnownFileType = sourcecode.swift; path = ProfileViewController.swift; sourceTree = "<group>"; };
		814C3AC71B69877600E307BB /* Base */ = {isa = PBXFileReference; lastKnownFileType = file.storyboard; name = Base; path = Base.lproj/Main.storyboard; sourceTree = "<group>"; };
		814C3AC81B69877600E307BB /* Images.xcassets */ = {isa = PBXFileReference; lastKnownFileType = folder.assetcatalog; path = Images.xcassets; sourceTree = "<group>"; };
		814C3AC91B69877600E307BB /* Info.plist */ = {isa = PBXFileReference; fileEncoding = 4; lastKnownFileType = text.plist.xml; path = Info.plist; sourceTree = "<group>"; };
		81BA81451A49DA1800E65899 /* ParseStarterProject-Swift.app */ = {isa = PBXFileReference; explicitFileType = wrapper.application; includeInIndex = 0; path = "ParseStarterProject-Swift.app"; sourceTree = BUILT_PRODUCTS_DIR; };
		81BA814A1A49DA1800E65899 /* AppDelegate.swift */ = {isa = PBXFileReference; lastKnownFileType = sourcecode.swift; path = AppDelegate.swift; sourceTree = "<group>"; };
		81BA814C1A49DA1800E65899 /* ViewController.swift */ = {isa = PBXFileReference; lastKnownFileType = sourcecode.swift; path = ViewController.swift; sourceTree = "<group>"; };
		81BA816C1A49DB6800E65899 /* Parse.framework */ = {isa = PBXFileReference; lastKnownFileType = wrapper.framework; path = Parse.framework; sourceTree = "<group>"; };
		81BA81761A49E0D500E65899 /* libsqlite3.dylib */ = {isa = PBXFileReference; lastKnownFileType = "compiled.mach-o.dylib"; name = libsqlite3.dylib; path = usr/lib/libsqlite3.dylib; sourceTree = SDKROOT; };
		81BA81781A49E0DB00E65899 /* AudioToolbox.framework */ = {isa = PBXFileReference; lastKnownFileType = wrapper.framework; name = AudioToolbox.framework; path = System/Library/Frameworks/AudioToolbox.framework; sourceTree = SDKROOT; };
		81BA817A1A49E0E500E65899 /* SystemConfiguration.framework */ = {isa = PBXFileReference; lastKnownFileType = wrapper.framework; name = SystemConfiguration.framework; path = System/Library/Frameworks/SystemConfiguration.framework; sourceTree = SDKROOT; };
		81BA817E1A49E0F000E65899 /* libstdc++.6.dylib */ = {isa = PBXFileReference; lastKnownFileType = "compiled.mach-o.dylib"; name = "libstdc++.6.dylib"; path = "usr/lib/libstdc++.6.dylib"; sourceTree = SDKROOT; };
/* End PBXFileReference section */

/* Begin PBXFrameworksBuildPhase section */
		1A8B48801CB0A6CD00A283F3 /* Frameworks */ = {
			isa = PBXFrameworksBuildPhase;
			buildActionMask = 2147483647;
			files = (
				1AA9BBF31CB0AD5900A6DF4F /* Bolts.framework in Frameworks */,
				1AA9BBEF1CB0AD5100A6DF4F /* QuartzCore.framework in Frameworks */,
				1AA9BBF81CB0AD6600A6DF4F /* FBSDKMessengerShareKit.framework in Frameworks */,
				1AA9BBFD1CB0AD7600A6DF4F /* libstdc++.6.dylib in Frameworks */,
				1AA9BBF71CB0AD6400A6DF4F /* FBSDKLoginKit.framework in Frameworks */,
				1AA9BBF51CB0AD5F00A6DF4F /* ParseUI.framework in Frameworks */,
				1AA9BBFB1CB0AD7000A6DF4F /* SystemConfiguration.framework in Frameworks */,
				1AA9BBF41CB0AD5C00A6DF4F /* ParseFacebookUtilsV4.framework in Frameworks */,
				1AA9BBF91CB0AD6900A6DF4F /* FBSDKShareKit.framework in Frameworks */,
				1AA9BBF21CB0AD5700A6DF4F /* HealthKit.framework in Frameworks */,
				1AA9BBF61CB0AD6100A6DF4F /* FBSDKCoreKit.framework in Frameworks */,
				1AA9BBF11CB0AD5400A6DF4F /* CoreData.framework in Frameworks */,
				1AA9BBFC1CB0AD7200A6DF4F /* AudioToolbox.framework in Frameworks */,
				1AA9BBFA1CB0AD6B00A6DF4F /* Parse.framework in Frameworks */,
				1AA9BBFE1CB0AD7800A6DF4F /* libsqlite3.dylib in Frameworks */,
				1AA9BBED1CB0AD4E00A6DF4F /* UIKit.framework in Frameworks */,
			);
			runOnlyForDeploymentPostprocessing = 0;
		};
		1AA9BC021CB0B17600A6DF4F /* Frameworks */ = {
			isa = PBXFrameworksBuildPhase;
			buildActionMask = 2147483647;
			files = (
			);
			runOnlyForDeploymentPostprocessing = 0;
		};
		81BA81421A49DA1800E65899 /* Frameworks */ = {
			isa = PBXFrameworksBuildPhase;
			buildActionMask = 2147483647;
			files = (
				1A3646821CA86831001E1F82 /* Charts.framework in Frameworks */,
				1AA9BBF01CB0AD5400A6DF4F /* CoreData.framework in Frameworks */,
				1AA9BBEC1CB0AD4D00A6DF4F /* UIKit.framework in Frameworks */,
				1AA9BBEE1CB0AD5100A6DF4F /* QuartzCore.framework in Frameworks */,
				1AB5F6B91C82405C00C3B06A /* Bolts.framework in Frameworks */,
				1AB5F6B51C82388A00C3B06A /* ParseFacebookUtilsV4.framework in Frameworks */,
				1AB5F6B71C82388A00C3B06A /* ParseUI.framework in Frameworks */,
				1AB5F7C11C82417E00C3B06A /* FBSDKCoreKit.framework in Frameworks */,
				81BA817F1A49E0F000E65899 /* libstdc++.6.dylib in Frameworks */,
				1AB5F7C41C82417E00C3B06A /* FBSDKShareKit.framework in Frameworks */,
				81BA817B1A49E0E500E65899 /* SystemConfiguration.framework in Frameworks */,
				1A6D7E971C9A0D9600342CAE /* HealthKit.framework in Frameworks */,
				1AB5F7C31C82417E00C3B06A /* FBSDKMessengerShareKit.framework in Frameworks */,
				1AB5F7C21C82417E00C3B06A /* FBSDKLoginKit.framework in Frameworks */,
				81BA81791A49E0DB00E65899 /* AudioToolbox.framework in Frameworks */,
				1A3646831CA8683E001E1F82 /* Charts.framework in Frameworks */,
				81BA81771A49E0D500E65899 /* libsqlite3.dylib in Frameworks */,
				81BA81711A49DB6800E65899 /* Parse.framework in Frameworks */,
			);
			runOnlyForDeploymentPostprocessing = 0;
		};
/* End PBXFrameworksBuildPhase section */

/* Begin PBXGroup section */
		1A1FAB9E1CAE4CA90020C0A9 /* Achievements */ = {
			isa = PBXGroup;
			children = (
				1A1FAB9F1CAE4CA90020C0A9 /* Bullish-48.png */,
				1A1FABB31CAE53700020C0A9 /* ivan.jpg */,
				1A1FABBF1CAE54270020C0A9 /* Milap.png */,
				1A1FABB91CAE538F0020C0A9 /* Sriram.png */,
				1A1FABBB1CAE538F0020C0A9 /* Spencer.png */,
				1A1FABA01CAE4CA90020C0A9 /* Diploma 2-50.png */,
				1A1FABA11CAE4CA90020C0A9 /* Handshake-48.png */,
				1A1FABB51CAE53860020C0A9 /* Ravi.png */,
				1A1FABB61CAE53860020C0A9 /* Priyesh.png */,
				1A1FABA21CAE4CA90020C0A9 /* Leaderboard-48.png */,
				1A1FABA31CAE4CA90020C0A9 /* Medal 2-48.png */,
				1A1FABA41CAE4CA90020C0A9 /* Talk-52.png */,
				1A1FABA51CAE4CA90020C0A9 /* Trophy-48.png */,
				1A1FABA61CAE4CA90020C0A9 /* Win-48.png */,
			);
			path = Achievements;
			sourceTree = "<group>";
		};
		1A3646731CA86790001E1F82 /* Products */ = {
			isa = PBXGroup;
			children = (
				1A36467A1CA86790001E1F82 /* Charts.framework */,
				1A36467C1CA86790001E1F82 /* Charts.framework */,
				1A36467E1CA86790001E1F82 /* Charts.framework */,
				1A3646801CA86790001E1F82 /* ChartsTests.xctest */,
			);
			name = Products;
			sourceTree = "<group>";
		};
		1A6F970C1CAE69C000C3FE60 /* Products */ = {
			isa = PBXGroup;
			children = (
				1A6F97151CAE69C000C3FE60 /* CouponStore.app */,
				1A6F97171CAE69C000C3FE60 /* CouponStoreTests.xctest */,
				1A6F97191CAE69C000C3FE60 /* CouponStoreUITests.xctest */,
			);
			name = Products;
			sourceTree = "<group>";
		};
		1A8B48841CB0A6CD00A283F3 /* ParseStarterProject-SwiftTests */ = {
			isa = PBXGroup;
			children = (
				1AA9BBFF1CB0B01900A6DF4F /* ProfilePage.swift */,
				1A8B48851CB0A6CD00A283F3 /* ParseStarterProject_SwiftTests.swift */,
				1A8B48871CB0A6CD00A283F3 /* Info.plist */,
			);
			path = "ParseStarterProject-SwiftTests";
			sourceTree = "<group>";
		};
		1AA0D2221CD027F800F820DB /* Pictures */ = {
			isa = PBXGroup;
			children = (
				1A0EB8311CD03CB700D1BBBC /* GameTab.png */,
				1AA0D2231CD02F8400F820DB /* Screen Shot 2016-04-26 at 7.20.16 PM.png */,
				1A0EB82D1CD03BF000D1BBBC /* ProfileTab.png */,
				1A0EB82F1CD03C4A00D1BBBC /* SocialTab.png */,
				1A0EB8271CD03AB700D1BBBC /* gift32.png */,
				1A9319DE1CCFD3EC00A52523 /* Job-Sports-Coach-Featured.png */,
				1A9319E41CCFDADE00A52523 /* workoutRoulette.jpg */,
				1A6F971C1CAE6B3500C3FE60 /* proteinshakeitem.png */,
				1A9319D51CCFD3CF00A52523 /* SocialWorkout.jpg */,
				1A1FAB931CADF82B0020C0A9 /* arrow.png */,
				1A5400B71CA7A62C0066D6C7 /* shieldAvm.png */,
				1A0535141CAAD15100A67C3C /* wheelRight.png */,
				1A3B99561CAED3DF00ADC949 /* Niral.png */,
				1A1FAB981CADF9290020C0A9 /* arrow_donw_left.png */,
				1A6F971D1CAE6B3500C3FE60 /* proteinpowderitem.png */,
				1A5400B51CA7A6240066D6C7 /* starAvm.png */,
				1A6F971E1CAE6B3500C3FE60 /* proteinbaritem.png */,
				1A6F971F1CAE6B3500C3FE60 /* beatsheaditem.png */,
				1A1FAB9C1CAE1AA50020C0A9 /* workoutWheel.png */,
				1A6F97201CAE6B3500C3FE60 /* shoesitem.png */,
				1A6F97211CAE6B3500C3FE60 /* elasticbanditem.png */,
			);
			name = Pictures;
			sourceTree = "<group>";
		};
		1AA9BC061CB0B17600A6DF4F /* ParseStarterProject-SwiftUITests */ = {
			isa = PBXGroup;
			children = (
				1AA9BC191CB0B35E00A6DF4F /* StoreTests.swift */,
				1AA9BC171CB0B33700A6DF4F /* ArenaTests.swift */,
				1AA9BC151CB0B2D700A6DF4F /* GameViewTests.swift */,
				1AA9BC131CB0B29600A6DF4F /* SocialViewTests.swift */,
				1AA9BC111CB0B24100A6DF4F /* LoginViewTests.swift */,
				1AA9BC0F1CB0B1E600A6DF4F /* ProfileViewTests.swift */,
				1AA9BC071CB0B17600A6DF4F /* ParseStarterProject_SwiftUITests.swift */,
				1AA9BC091CB0B17600A6DF4F /* Info.plist */,
			);
			path = "ParseStarterProject-SwiftUITests";
			sourceTree = "<group>";
		};
		814C3AC51B69877600E307BB /* Resources */ = {
			isa = PBXGroup;
			children = (
				814C3AC81B69877600E307BB /* Images.xcassets */,
				1A0535031CA89C7400A67C3C /* pot-of-gold.png */,
				814C3AC91B69877600E307BB /* Info.plist */,
			);
			path = Resources;
			sourceTree = "<group>";
		};
		81BA813C1A49DA1800E65899 = {
			isa = PBXGroup;
			children = (
				1A6F970B1CAE69C000C3FE60 /* CouponStore.xcodeproj */,
				1A3646721CA86790001E1F82 /* Charts.xcodeproj */,
				1A6D7E911C99FB9300342CAE /* ParseStarterProject-Swift.entitlements */,
				1A8D7B9D1C822403002C5FFA /* Bridging-Header.h */,
				81BA81471A49DA1800E65899 /* ParseStarterProject */,
				814C3AC51B69877600E307BB /* Resources */,
				1A8B48841CB0A6CD00A283F3 /* ParseStarterProject-SwiftTests */,
				1AA9BC061CB0B17600A6DF4F /* ParseStarterProject-SwiftUITests */,
				81BA816A1A49DB5600E65899 /* Frameworks */,
				81BA81461A49DA1800E65899 /* Products */,
			);
			sourceTree = "<group>";
		};
		81BA81461A49DA1800E65899 /* Products */ = {
			isa = PBXGroup;
			children = (
				81BA81451A49DA1800E65899 /* ParseStarterProject-Swift.app */,
				1A8B48831CB0A6CD00A283F3 /* ParseStarterProject-SwiftTests.xctest */,
				1AA9BC051CB0B17600A6DF4F /* ParseStarterProject-SwiftUITests.xctest */,
			);
			name = Products;
			sourceTree = "<group>";
		};
		81BA81471A49DA1800E65899 /* ParseStarterProject */ = {
			isa = PBXGroup;
			children = (
				1AA0D2221CD027F800F820DB /* Pictures */,
				1A1FABC31CAE58A30020C0A9 /* ArenaViewController.swift */,
				1A6F971A1CAE6A3400C3FE60 /* CouponTableViewController.swift */,
				81BA814A1A49DA1800E65899 /* AppDelegate.swift */,
				81BA814C1A49DA1800E65899 /* ViewController.swift */,
				814C3AC61B69877600E307BB /* Main.storyboard */,
				1A9319E61CCFDF0F00A52523 /* PersonalTrainingViewController.swift */,
				1AB5F8631C824FD800C3B06A /* ProfileViewController.swift */,
				1A8D4D121CA743A6000A950C /* ImageLoader.swift */,
				1A6D7E8F1C99FAFA00342CAE /* HealthManager.swift */,
				1A8D4D141CA7474A000A950C /* CircularProgressBar.swift */,
				1A0535101CAA291D00A67C3C /* GameViewController.swift */,
				1A3B995E1CAED71800ADC949 /* SocialTableTableViewController.swift */,
				1A1FAB9E1CAE4CA90020C0A9 /* Achievements */,
			);
			path = ParseStarterProject;
			sourceTree = "<group>";
		};
		81BA816A1A49DB5600E65899 /* Frameworks */ = {
			isa = PBXGroup;
			children = (
				1A6102641CA86379005D25B0 /* UIKit.framework */,
				1A6102621CA86371005D25B0 /* QuartzCore.framework */,
				1A8D4D0E1CA7400A000A950C /* CoreData.framework */,
				1A6D7E961C9A0D9600342CAE /* HealthKit.framework */,
				1AB5F6B81C82405C00C3B06A /* Bolts.framework */,
				1AB5F6B11C82388A00C3B06A /* ParseFacebookUtilsV4.framework */,
				1AB5F6B31C82388A00C3B06A /* ParseUI.framework */,
				1AB5F6C71C82417E00C3B06A /* FBSDKCoreKit.framework */,
				1AB5F6C81C82417E00C3B06A /* FBSDKLoginKit.framework */,
				1AB5F6C91C82417E00C3B06A /* FBSDKMessengerShareKit.framework */,
				1AB5F6CA1C82417E00C3B06A /* FBSDKShareKit.framework */,
				81BA816C1A49DB6800E65899 /* Parse.framework */,
				81BA81751A49E0C500E65899 /* System Frameworks */,
			);
			name = Frameworks;
			sourceTree = "<group>";
		};
		81BA81751A49E0C500E65899 /* System Frameworks */ = {
			isa = PBXGroup;
			children = (
				81BA817E1A49E0F000E65899 /* libstdc++.6.dylib */,
				81BA817A1A49E0E500E65899 /* SystemConfiguration.framework */,
				81BA81781A49E0DB00E65899 /* AudioToolbox.framework */,
				81BA81761A49E0D500E65899 /* libsqlite3.dylib */,
			);
			name = "System Frameworks";
			sourceTree = "<group>";
		};
/* End PBXGroup section */

/* Begin PBXNativeTarget section */
		1A8B48821CB0A6CD00A283F3 /* ParseStarterProject-SwiftTests */ = {
			isa = PBXNativeTarget;
			buildConfigurationList = 1A8B488A1CB0A6CD00A283F3 /* Build configuration list for PBXNativeTarget "ParseStarterProject-SwiftTests" */;
			buildPhases = (
				1A8B487F1CB0A6CD00A283F3 /* Sources */,
				1A8B48801CB0A6CD00A283F3 /* Frameworks */,
				1A8B48811CB0A6CD00A283F3 /* Resources */,
			);
			buildRules = (
			);
			dependencies = (
				1A8B48891CB0A6CD00A283F3 /* PBXTargetDependency */,
			);
			name = "ParseStarterProject-SwiftTests";
			productName = "ParseStarterProject-SwiftTests";
			productReference = 1A8B48831CB0A6CD00A283F3 /* ParseStarterProject-SwiftTests.xctest */;
			productType = "com.apple.product-type.bundle.unit-test";
		};
		1AA9BC041CB0B17600A6DF4F /* ParseStarterProject-SwiftUITests */ = {
			isa = PBXNativeTarget;
			buildConfigurationList = 1AA9BC0C1CB0B17600A6DF4F /* Build configuration list for PBXNativeTarget "ParseStarterProject-SwiftUITests" */;
			buildPhases = (
				1AA9BC011CB0B17600A6DF4F /* Sources */,
				1AA9BC021CB0B17600A6DF4F /* Frameworks */,
				1AA9BC031CB0B17600A6DF4F /* Resources */,
			);
			buildRules = (
			);
			dependencies = (
				1AA9BC0B1CB0B17600A6DF4F /* PBXTargetDependency */,
			);
			name = "ParseStarterProject-SwiftUITests";
			productName = "ParseStarterProject-SwiftUITests";
			productReference = 1AA9BC051CB0B17600A6DF4F /* ParseStarterProject-SwiftUITests.xctest */;
			productType = "com.apple.product-type.bundle.ui-testing";
		};
		81BA81441A49DA1800E65899 /* ParseStarterProject-Swift */ = {
			isa = PBXNativeTarget;
			buildConfigurationList = 81BA81641A49DA1800E65899 /* Build configuration list for PBXNativeTarget "ParseStarterProject-Swift" */;
			buildPhases = (
				81BA81411A49DA1800E65899 /* Sources */,
				81BA81421A49DA1800E65899 /* Frameworks */,
				81BA81431A49DA1800E65899 /* Resources */,
				1A3646871CA8683E001E1F82 /* Embed Frameworks */,
			);
			buildRules = (
			);
			dependencies = (
				1A3646861CA8683E001E1F82 /* PBXTargetDependency */,
			);
			name = "ParseStarterProject-Swift";
			productName = ParseStarterProject;
			productReference = 81BA81451A49DA1800E65899 /* ParseStarterProject-Swift.app */;
			productType = "com.apple.product-type.application";
		};
/* End PBXNativeTarget section */

/* Begin PBXProject section */
		81BA813D1A49DA1800E65899 /* Project object */ = {
			isa = PBXProject;
			attributes = {
				LastSwiftUpdateCheck = 0730;
				LastUpgradeCheck = 0720;
				ORGANIZATIONNAME = Parse;
				TargetAttributes = {
					1A8B48821CB0A6CD00A283F3 = {
						CreatedOnToolsVersion = 7.3;
						TestTargetID = 81BA81441A49DA1800E65899;
					};
					1AA9BC041CB0B17600A6DF4F = {
						CreatedOnToolsVersion = 7.3;
						TestTargetID = 81BA81441A49DA1800E65899;
					};
					81BA81441A49DA1800E65899 = {
						CreatedOnToolsVersion = 6.1.1;
						DevelopmentTeam = 27UXV8KAAJ;
						SystemCapabilities = {
							com.apple.HealthKit = {
								enabled = 1;
							};
						};
					};
				};
			};
			buildConfigurationList = 81BA81401A49DA1800E65899 /* Build configuration list for PBXProject "ParseStarterProject-Swift" */;
			compatibilityVersion = "Xcode 3.2";
			developmentRegion = English;
			hasScannedForEncodings = 0;
			knownRegions = (
				en,
				Base,
			);
			mainGroup = 81BA813C1A49DA1800E65899;
			productRefGroup = 81BA81461A49DA1800E65899 /* Products */;
			projectDirPath = "";
			projectReferences = (
				{
					ProductGroup = 1A3646731CA86790001E1F82 /* Products */;
					ProjectRef = 1A3646721CA86790001E1F82 /* Charts.xcodeproj */;
				},
				{
					ProductGroup = 1A6F970C1CAE69C000C3FE60 /* Products */;
					ProjectRef = 1A6F970B1CAE69C000C3FE60 /* CouponStore.xcodeproj */;
				},
			);
			projectRoot = "";
			targets = (
				81BA81441A49DA1800E65899 /* ParseStarterProject-Swift */,
				1A8B48821CB0A6CD00A283F3 /* ParseStarterProject-SwiftTests */,
				1AA9BC041CB0B17600A6DF4F /* ParseStarterProject-SwiftUITests */,
			);
		};
/* End PBXProject section */

/* Begin PBXReferenceProxy section */
		1A36467A1CA86790001E1F82 /* Charts.framework */ = {
			isa = PBXReferenceProxy;
			fileType = wrapper.framework;
			path = Charts.framework;
			remoteRef = 1A3646791CA86790001E1F82 /* PBXContainerItemProxy */;
			sourceTree = BUILT_PRODUCTS_DIR;
		};
		1A36467C1CA86790001E1F82 /* Charts.framework */ = {
			isa = PBXReferenceProxy;
			fileType = wrapper.framework;
			path = Charts.framework;
			remoteRef = 1A36467B1CA86790001E1F82 /* PBXContainerItemProxy */;
			sourceTree = BUILT_PRODUCTS_DIR;
		};
		1A36467E1CA86790001E1F82 /* Charts.framework */ = {
			isa = PBXReferenceProxy;
			fileType = wrapper.framework;
			path = Charts.framework;
			remoteRef = 1A36467D1CA86790001E1F82 /* PBXContainerItemProxy */;
			sourceTree = BUILT_PRODUCTS_DIR;
		};
		1A3646801CA86790001E1F82 /* ChartsTests.xctest */ = {
			isa = PBXReferenceProxy;
			fileType = wrapper.cfbundle;
			path = ChartsTests.xctest;
			remoteRef = 1A36467F1CA86790001E1F82 /* PBXContainerItemProxy */;
			sourceTree = BUILT_PRODUCTS_DIR;
		};
		1A6F97151CAE69C000C3FE60 /* CouponStore.app */ = {
			isa = PBXReferenceProxy;
			fileType = wrapper.application;
			path = CouponStore.app;
			remoteRef = 1A6F97141CAE69C000C3FE60 /* PBXContainerItemProxy */;
			sourceTree = BUILT_PRODUCTS_DIR;
		};
		1A6F97171CAE69C000C3FE60 /* CouponStoreTests.xctest */ = {
			isa = PBXReferenceProxy;
			fileType = wrapper.cfbundle;
			path = CouponStoreTests.xctest;
			remoteRef = 1A6F97161CAE69C000C3FE60 /* PBXContainerItemProxy */;
			sourceTree = BUILT_PRODUCTS_DIR;
		};
		1A6F97191CAE69C000C3FE60 /* CouponStoreUITests.xctest */ = {
			isa = PBXReferenceProxy;
			fileType = wrapper.cfbundle;
			path = CouponStoreUITests.xctest;
			remoteRef = 1A6F97181CAE69C000C3FE60 /* PBXContainerItemProxy */;
			sourceTree = BUILT_PRODUCTS_DIR;
		};
/* End PBXReferenceProxy section */

/* Begin PBXResourcesBuildPhase section */
		1A8B48811CB0A6CD00A283F3 /* Resources */ = {
			isa = PBXResourcesBuildPhase;
			buildActionMask = 2147483647;
			files = (
				1A8B488D1CB0ABDB00A283F3 /* Main.storyboard in Resources */,
			);
			runOnlyForDeploymentPostprocessing = 0;
		};
		1AA9BC031CB0B17600A6DF4F /* Resources */ = {
			isa = PBXResourcesBuildPhase;
			buildActionMask = 2147483647;
			files = (
			);
			runOnlyForDeploymentPostprocessing = 0;
		};
		81BA81431A49DA1800E65899 /* Resources */ = {
			isa = PBXResourcesBuildPhase;
			buildActionMask = 2147483647;
			files = (
				1A5400B61CA7A6240066D6C7 /* starAvm.png in Resources */,
				1A6F97261CAE6B3500C3FE60 /* shoesitem.png in Resources */,
				1A5400B81CA7A62C0066D6C7 /* shieldAvm.png in Resources */,
				1A1FABB81CAE53860020C0A9 /* Priyesh.png in Resources */,
				814C3ACA1B69877600E307BB /* Main.storyboard in Resources */,
				1A1FABAB1CAE4CA90020C0A9 /* Medal 2-48.png in Resources */,
				1A0EB8301CD03C4A00D1BBBC /* SocialTab.png in Resources */,
				1A0535151CAAD15100A67C3C /* wheelRight.png in Resources */,
				1A9319E51CCFDADE00A52523 /* workoutRoulette.jpg in Resources */,
				814C3ACB1B69877600E307BB /* Images.xcassets in Resources */,
				1A6F97231CAE6B3500C3FE60 /* proteinpowderitem.png in Resources */,
				1A1FABA81CAE4CA90020C0A9 /* Diploma 2-50.png in Resources */,
				1A1FABA71CAE4CA90020C0A9 /* Bullish-48.png in Resources */,
				1A9319E01CCFD3EC00A52523 /* Job-Sports-Coach-Featured.png in Resources */,
				1A6F97241CAE6B3500C3FE60 /* proteinbaritem.png in Resources */,
				1A0EB8321CD03CB700D1BBBC /* GameTab.png in Resources */,
				1A1FABA91CAE4CA90020C0A9 /* Handshake-48.png in Resources */,
				1A1FAB9D1CAE1AA50020C0A9 /* workoutWheel.png in Resources */,
				1A1FABB71CAE53860020C0A9 /* Ravi.png in Resources */,
				1A9319D61CCFD3CF00A52523 /* SocialWorkout.jpg in Resources */,
				1A6F97271CAE6B3500C3FE60 /* elasticbanditem.png in Resources */,
				1A0EB8281CD03AB700D1BBBC /* gift32.png in Resources */,
				1A3B99571CAED3DF00ADC949 /* Niral.png in Resources */,
				1A1FABAA1CAE4CA90020C0A9 /* Leaderboard-48.png in Resources */,
				1A0535041CA89C7400A67C3C /* pot-of-gold.png in Resources */,
				1A1FAB991CADF9290020C0A9 /* arrow_donw_left.png in Resources */,
				1A1FABBC1CAE538F0020C0A9 /* Sriram.png in Resources */,
				1AA0D2241CD02F8400F820DB /* Screen Shot 2016-04-26 at 7.20.16 PM.png in Resources */,
				1A1FABB41CAE53700020C0A9 /* ivan.jpg in Resources */,
				1A1FABAC1CAE4CA90020C0A9 /* Talk-52.png in Resources */,
				1A1FABBE1CAE538F0020C0A9 /* Spencer.png in Resources */,
				1A6F97221CAE6B3500C3FE60 /* proteinshakeitem.png in Resources */,
				1A1FAB941CADF82B0020C0A9 /* arrow.png in Resources */,
				1A1FABC01CAE54270020C0A9 /* Milap.png in Resources */,
				1A6F97251CAE6B3500C3FE60 /* beatsheaditem.png in Resources */,
				1A1FABAD1CAE4CA90020C0A9 /* Trophy-48.png in Resources */,
				1A1FABAE1CAE4CA90020C0A9 /* Win-48.png in Resources */,
				1A0EB82E1CD03BF000D1BBBC /* ProfileTab.png in Resources */,
			);
			runOnlyForDeploymentPostprocessing = 0;
		};
/* End PBXResourcesBuildPhase section */

/* Begin PBXSourcesBuildPhase section */
		1A8B487F1CB0A6CD00A283F3 /* Sources */ = {
			isa = PBXSourcesBuildPhase;
			buildActionMask = 2147483647;
			files = (
				1AA9BC001CB0B01900A6DF4F /* ProfilePage.swift in Sources */,
				1A8B48861CB0A6CD00A283F3 /* ParseStarterProject_SwiftTests.swift in Sources */,
			);
			runOnlyForDeploymentPostprocessing = 0;
		};
		1AA9BC011CB0B17600A6DF4F /* Sources */ = {
			isa = PBXSourcesBuildPhase;
			buildActionMask = 2147483647;
			files = (
				1AA9BC161CB0B2D700A6DF4F /* GameViewTests.swift in Sources */,
				1AA9BC181CB0B33700A6DF4F /* ArenaTests.swift in Sources */,
				1AA9BC101CB0B1E600A6DF4F /* ProfileViewTests.swift in Sources */,
				1AA9BC1A1CB0B35E00A6DF4F /* StoreTests.swift in Sources */,
				1AA9BC141CB0B29600A6DF4F /* SocialViewTests.swift in Sources */,
				1AA9BC121CB0B24100A6DF4F /* LoginViewTests.swift in Sources */,
				1AA9BC081CB0B17600A6DF4F /* ParseStarterProject_SwiftUITests.swift in Sources */,
			);
			runOnlyForDeploymentPostprocessing = 0;
		};
		81BA81411A49DA1800E65899 /* Sources */ = {
			isa = PBXSourcesBuildPhase;
			buildActionMask = 2147483647;
			files = (
				1A8DA8541C95E0310078BE44 /* ProfileViewController.swift in Sources */,
				81BA814D1A49DA1800E65899 /* ViewController.swift in Sources */,
				1A1FABC41CAE58A30020C0A9 /* ArenaViewController.swift in Sources */,
				1A8D4D131CA743A6000A950C /* ImageLoader.swift in Sources */,
				1A0535111CAA291D00A67C3C /* GameViewController.swift in Sources */,
				1A9319E71CCFDF0F00A52523 /* PersonalTrainingViewController.swift in Sources */,
				1A3B995F1CAED71800ADC949 /* SocialTableTableViewController.swift in Sources */,
				81BA814B1A49DA1800E65899 /* AppDelegate.swift in Sources */,
				1A6F971B1CAE6A3400C3FE60 /* CouponTableViewController.swift in Sources */,
				1A6D7E901C99FAFA00342CAE /* HealthManager.swift in Sources */,
				1A8D4D151CA7474A000A950C /* CircularProgressBar.swift in Sources */,
			);
			runOnlyForDeploymentPostprocessing = 0;
		};
/* End PBXSourcesBuildPhase section */

/* Begin PBXTargetDependency section */
		1A3646861CA8683E001E1F82 /* PBXTargetDependency */ = {
			isa = PBXTargetDependency;
			name = "Charts-iOS";
			targetProxy = 1A3646851CA8683E001E1F82 /* PBXContainerItemProxy */;
		};
		1A8B48891CB0A6CD00A283F3 /* PBXTargetDependency */ = {
			isa = PBXTargetDependency;
			target = 81BA81441A49DA1800E65899 /* ParseStarterProject-Swift */;
			targetProxy = 1A8B48881CB0A6CD00A283F3 /* PBXContainerItemProxy */;
		};
		1AA9BC0B1CB0B17600A6DF4F /* PBXTargetDependency */ = {
			isa = PBXTargetDependency;
			target = 81BA81441A49DA1800E65899 /* ParseStarterProject-Swift */;
			targetProxy = 1AA9BC0A1CB0B17600A6DF4F /* PBXContainerItemProxy */;
		};
/* End PBXTargetDependency section */

/* Begin PBXVariantGroup section */
		814C3AC61B69877600E307BB /* Main.storyboard */ = {
			isa = PBXVariantGroup;
			children = (
				814C3AC71B69877600E307BB /* Base */,
			);
			name = Main.storyboard;
			path = ../Resources;
			sourceTree = "<group>";
		};
/* End PBXVariantGroup section */

/* Begin XCBuildConfiguration section */
		1A8B488B1CB0A6CD00A283F3 /* Debug */ = {
			isa = XCBuildConfiguration;
			buildSettings = {
				BUNDLE_LOADER = "$(TEST_HOST)";
				CLANG_ANALYZER_NONNULL = YES;
				DEBUG_INFORMATION_FORMAT = dwarf;
				ENABLE_TESTABILITY = YES;
				FRAMEWORK_SEARCH_PATHS = (
					"$(inherited)",
					"$(PROJECT_DIR)",
				);
				GCC_NO_COMMON_BLOCKS = YES;
				INFOPLIST_FILE = "ParseStarterProject-SwiftTests/Info.plist";
				IPHONEOS_DEPLOYMENT_TARGET = 9.3;
				LD_RUNPATH_SEARCH_PATHS = "$(inherited) @executable_path/Frameworks @loader_path/Frameworks";
				PRODUCT_BUNDLE_IDENTIFIER = "niralshah.ParseStarterProject-SwiftTests";
				PRODUCT_NAME = "$(TARGET_NAME)";
				TEST_HOST = "$(BUILT_PRODUCTS_DIR)/ParseStarterProject-Swift.app/ParseStarterProject-Swift";
			};
			name = Debug;
		};
		1A8B488C1CB0A6CD00A283F3 /* Release */ = {
			isa = XCBuildConfiguration;
			buildSettings = {
				BUNDLE_LOADER = "$(TEST_HOST)";
				CLANG_ANALYZER_NONNULL = YES;
				COPY_PHASE_STRIP = NO;
				DEBUG_INFORMATION_FORMAT = "dwarf-with-dsym";
				FRAMEWORK_SEARCH_PATHS = (
					"$(inherited)",
					"$(PROJECT_DIR)",
				);
				GCC_NO_COMMON_BLOCKS = YES;
				INFOPLIST_FILE = "ParseStarterProject-SwiftTests/Info.plist";
				IPHONEOS_DEPLOYMENT_TARGET = 9.3;
				LD_RUNPATH_SEARCH_PATHS = "$(inherited) @executable_path/Frameworks @loader_path/Frameworks";
				PRODUCT_BUNDLE_IDENTIFIER = "niralshah.ParseStarterProject-SwiftTests";
				PRODUCT_NAME = "$(TARGET_NAME)";
				TEST_HOST = "$(BUILT_PRODUCTS_DIR)/ParseStarterProject-Swift.app/ParseStarterProject-Swift";
			};
			name = Release;
		};
		1AA9BC0D1CB0B17600A6DF4F /* Debug */ = {
			isa = XCBuildConfiguration;
			buildSettings = {
				CLANG_ANALYZER_NONNULL = YES;
				DEBUG_INFORMATION_FORMAT = dwarf;
				ENABLE_TESTABILITY = YES;
				GCC_NO_COMMON_BLOCKS = YES;
				INFOPLIST_FILE = "ParseStarterProject-SwiftUITests/Info.plist";
				IPHONEOS_DEPLOYMENT_TARGET = 9.3;
				LD_RUNPATH_SEARCH_PATHS = "$(inherited) @executable_path/Frameworks @loader_path/Frameworks";
				PRODUCT_BUNDLE_IDENTIFIER = "niralshah.ParseStarterProject-SwiftUITests";
				PRODUCT_NAME = "$(TARGET_NAME)";
				TEST_TARGET_NAME = "ParseStarterProject-Swift";
			};
			name = Debug;
		};
		1AA9BC0E1CB0B17600A6DF4F /* Release */ = {
			isa = XCBuildConfiguration;
			buildSettings = {
				CLANG_ANALYZER_NONNULL = YES;
				COPY_PHASE_STRIP = NO;
				DEBUG_INFORMATION_FORMAT = "dwarf-with-dsym";
				GCC_NO_COMMON_BLOCKS = YES;
				INFOPLIST_FILE = "ParseStarterProject-SwiftUITests/Info.plist";
				IPHONEOS_DEPLOYMENT_TARGET = 9.3;
				LD_RUNPATH_SEARCH_PATHS = "$(inherited) @executable_path/Frameworks @loader_path/Frameworks";
				PRODUCT_BUNDLE_IDENTIFIER = "niralshah.ParseStarterProject-SwiftUITests";
				PRODUCT_NAME = "$(TARGET_NAME)";
				TEST_TARGET_NAME = "ParseStarterProject-Swift";
			};
			name = Release;
		};
		81BA81621A49DA1800E65899 /* Debug */ = {
			isa = XCBuildConfiguration;
			buildSettings = {
				ALWAYS_SEARCH_USER_PATHS = NO;
				CLANG_CXX_LANGUAGE_STANDARD = "gnu++0x";
				CLANG_CXX_LIBRARY = "libc++";
				CLANG_ENABLE_MODULES = YES;
				CLANG_ENABLE_OBJC_ARC = YES;
				CLANG_WARN_BOOL_CONVERSION = YES;
				CLANG_WARN_CONSTANT_CONVERSION = YES;
				CLANG_WARN_DIRECT_OBJC_ISA_USAGE = YES_ERROR;
				CLANG_WARN_EMPTY_BODY = YES;
				CLANG_WARN_ENUM_CONVERSION = YES;
				CLANG_WARN_INT_CONVERSION = YES;
				CLANG_WARN_OBJC_ROOT_CLASS = YES_ERROR;
				CLANG_WARN_UNREACHABLE_CODE = YES;
				CLANG_WARN__DUPLICATE_METHOD_MATCH = YES;
				CODE_SIGN_IDENTITY = "iPhone Developer";
				"CODE_SIGN_IDENTITY[sdk=iphoneos*]" = "iPhone Developer";
				COPY_PHASE_STRIP = NO;
				ENABLE_STRICT_OBJC_MSGSEND = YES;
				GCC_C_LANGUAGE_STANDARD = gnu99;
				GCC_DYNAMIC_NO_PIC = NO;
				GCC_OPTIMIZATION_LEVEL = 0;
				GCC_PREPROCESSOR_DEFINITIONS = (
					"DEBUG=1",
					"$(inherited)",
				);
				GCC_SYMBOLS_PRIVATE_EXTERN = NO;
				GCC_WARN_64_TO_32_BIT_CONVERSION = YES;
				GCC_WARN_ABOUT_RETURN_TYPE = YES_ERROR;
				GCC_WARN_UNDECLARED_SELECTOR = YES;
				GCC_WARN_UNINITIALIZED_AUTOS = YES_AGGRESSIVE;
				GCC_WARN_UNUSED_FUNCTION = YES;
				GCC_WARN_UNUSED_VARIABLE = YES;
				IPHONEOS_DEPLOYMENT_TARGET = 7.0;
				MTL_ENABLE_DEBUG_INFO = YES;
				ONLY_ACTIVE_ARCH = YES;
				SDKROOT = iphoneos;
				SWIFT_OPTIMIZATION_LEVEL = "-Onone";
				TARGETED_DEVICE_FAMILY = "1,2";
			};
			name = Debug;
		};
		81BA81631A49DA1800E65899 /* Release */ = {
			isa = XCBuildConfiguration;
			buildSettings = {
				ALWAYS_SEARCH_USER_PATHS = NO;
				CLANG_CXX_LANGUAGE_STANDARD = "gnu++0x";
				CLANG_CXX_LIBRARY = "libc++";
				CLANG_ENABLE_MODULES = YES;
				CLANG_ENABLE_OBJC_ARC = YES;
				CLANG_WARN_BOOL_CONVERSION = YES;
				CLANG_WARN_CONSTANT_CONVERSION = YES;
				CLANG_WARN_DIRECT_OBJC_ISA_USAGE = YES_ERROR;
				CLANG_WARN_EMPTY_BODY = YES;
				CLANG_WARN_ENUM_CONVERSION = YES;
				CLANG_WARN_INT_CONVERSION = YES;
				CLANG_WARN_OBJC_ROOT_CLASS = YES_ERROR;
				CLANG_WARN_UNREACHABLE_CODE = YES;
				CLANG_WARN__DUPLICATE_METHOD_MATCH = YES;
				"CODE_SIGN_IDENTITY[sdk=iphoneos*]" = "iPhone Developer";
				COPY_PHASE_STRIP = YES;
				ENABLE_NS_ASSERTIONS = NO;
				ENABLE_STRICT_OBJC_MSGSEND = YES;
				GCC_C_LANGUAGE_STANDARD = gnu99;
				GCC_WARN_64_TO_32_BIT_CONVERSION = YES;
				GCC_WARN_ABOUT_RETURN_TYPE = YES_ERROR;
				GCC_WARN_UNDECLARED_SELECTOR = YES;
				GCC_WARN_UNINITIALIZED_AUTOS = YES_AGGRESSIVE;
				GCC_WARN_UNUSED_FUNCTION = YES;
				GCC_WARN_UNUSED_VARIABLE = YES;
				IPHONEOS_DEPLOYMENT_TARGET = 7.0;
				MTL_ENABLE_DEBUG_INFO = NO;
				SDKROOT = iphoneos;
				TARGETED_DEVICE_FAMILY = "1,2";
				VALIDATE_PRODUCT = YES;
			};
			name = Release;
		};
		81BA81651A49DA1800E65899 /* Debug */ = {
			isa = XCBuildConfiguration;
			buildSettings = {
				ASSETCATALOG_COMPILER_APPICON_NAME = "AppIcon-1";
				ASSETCATALOG_COMPILER_LAUNCHIMAGE_NAME = LaunchImage;
				CLANG_ENABLE_MODULE_DEBUGGING = NO;
				CODE_SIGN_ENTITLEMENTS = "ParseStarterProject-Swift.entitlements";
				CODE_SIGN_IDENTITY = "iPhone Developer";
				"CODE_SIGN_IDENTITY[sdk=iphoneos*]" = "iPhone Developer";
				DEFINES_MODULE = NO;
				EMBEDDED_CONTENT_CONTAINS_SWIFT = YES;
				ENABLE_TESTABILITY = YES;
				FRAMEWORK_SEARCH_PATHS = (
					"$(inherited)",
					"$(PROJECT_DIR)",
					"/Users/niralshah/Documents/ParseSDK/**",
					"/Users/niralshah/Documents/FacebookSDK/**",
				);
				INFOPLIST_FILE = Resources/Info.plist;
				IPHONEOS_DEPLOYMENT_TARGET = 9.1;
				LD_RUNPATH_SEARCH_PATHS = "$(inherited) @executable_path/Frameworks";
				"OTHER_LDFLAGS[arch=*]" = "-ObjC";
				PRODUCT_BUNDLE_IDENTIFIER = "com.parse.ParseStarterProject-Swift28";
				PRODUCT_NAME = "ParseStarterProject-Swift";
				PROVISIONING_PROFILE = "";
				SWIFT_OBJC_BRIDGING_HEADER = "Bridging-Header.h";
				TARGETED_DEVICE_FAMILY = 1;
			};
			name = Debug;
		};
		81BA81661A49DA1800E65899 /* Release */ = {
			isa = XCBuildConfiguration;
			buildSettings = {
				ASSETCATALOG_COMPILER_APPICON_NAME = "AppIcon-1";
				ASSETCATALOG_COMPILER_LAUNCHIMAGE_NAME = LaunchImage;
				CLANG_ENABLE_MODULE_DEBUGGING = NO;
				CODE_SIGN_ENTITLEMENTS = "ParseStarterProject-Swift.entitlements";
				CODE_SIGN_IDENTITY = "iPhone Developer";
				"CODE_SIGN_IDENTITY[sdk=iphoneos*]" = "iPhone Developer";
				DEFINES_MODULE = NO;
				EMBEDDED_CONTENT_CONTAINS_SWIFT = YES;
				ENABLE_TESTABILITY = YES;
				FRAMEWORK_SEARCH_PATHS = (
					"$(inherited)",
					"$(PROJECT_DIR)",
					"/Users/niralshah/Documents/ParseSDK/**",
					"/Users/niralshah/Documents/FacebookSDK/**",
				);
				INFOPLIST_FILE = Resources/Info.plist;
				IPHONEOS_DEPLOYMENT_TARGET = 9.1;
				LD_RUNPATH_SEARCH_PATHS = "$(inherited) @executable_path/Frameworks";
				PRODUCT_BUNDLE_IDENTIFIER = "com.parse.ParseStarterProject-Swift28";
				PRODUCT_NAME = "ParseStarterProject-Swift";
				PROVISIONING_PROFILE = "";
				SWIFT_OBJC_BRIDGING_HEADER = "Bridging-Header.h";
				TARGETED_DEVICE_FAMILY = 1;
			};
			name = Release;
		};
/* End XCBuildConfiguration section */

/* Begin XCConfigurationList section */
		1A8B488A1CB0A6CD00A283F3 /* Build configuration list for PBXNativeTarget "ParseStarterProject-SwiftTests" */ = {
			isa = XCConfigurationList;
			buildConfigurations = (
				1A8B488B1CB0A6CD00A283F3 /* Debug */,
				1A8B488C1CB0A6CD00A283F3 /* Release */,
			);
			defaultConfigurationIsVisible = 0;
			defaultConfigurationName = Release;
		};
		1AA9BC0C1CB0B17600A6DF4F /* Build configuration list for PBXNativeTarget "ParseStarterProject-SwiftUITests" */ = {
			isa = XCConfigurationList;
			buildConfigurations = (
				1AA9BC0D1CB0B17600A6DF4F /* Debug */,
				1AA9BC0E1CB0B17600A6DF4F /* Release */,
			);
			defaultConfigurationIsVisible = 0;
			defaultConfigurationName = Release;
		};
		81BA81401A49DA1800E65899 /* Build configuration list for PBXProject "ParseStarterProject-Swift" */ = {
			isa = XCConfigurationList;
			buildConfigurations = (
				81BA81621A49DA1800E65899 /* Debug */,
				81BA81631A49DA1800E65899 /* Release */,
			);
			defaultConfigurationIsVisible = 0;
			defaultConfigurationName = Release;
		};
		81BA81641A49DA1800E65899 /* Build configuration list for PBXNativeTarget "ParseStarterProject-Swift" */ = {
			isa = XCConfigurationList;
			buildConfigurations = (
				81BA81651A49DA1800E65899 /* Debug */,
				81BA81661A49DA1800E65899 /* Release */,
			);
			defaultConfigurationIsVisible = 0;
			defaultConfigurationName = Release;
		};
/* End XCConfigurationList section */
	};
	rootObject = 81BA813D1A49DA1800E65899 /* Project object */;
}
